// !$*UTF8*$!
{
	archiveVersion = 1;
	classes = {
	};
	objectVersion = 46;
	objects = {

/* Begin PBXAggregateTarget section */
		8A3EF9511B843D160025254B /* Unity3D */ = {
			isa = PBXAggregateTarget;
			buildConfigurationList = 8A3EF9541B843D160025254B /* Build configuration list for PBXAggregateTarget "Unity3D" */;
			buildPhases = (
				8A3EF95A1B843D5A0025254B /* ShellScript */,
			);
			dependencies = (
			);
			name = Unity3D;
			productName = Unity3D;
		};
/* End PBXAggregateTarget section */

/* Begin PBXBuildFile section */
		7ED393BE1BA698E500890DE3 /* SeedsSDK_Tests.m in Sources */ = {isa = PBXBuildFile; fileRef = 7ED393BD1BA698E500890DE3 /* SeedsSDK_Tests.m */; };
		7ED393BF1BA698E500890DE3 /* SeedsSDK.framework in Frameworks */ = {isa = PBXBuildFile; fileRef = 8A50839B1B7CADAB00A6CF52 /* SeedsSDK.framework */; };
		7ED393CE1BA6AF9100890DE3 /* TestViewController.m in Sources */ = {isa = PBXBuildFile; fileRef = 7ED393CD1BA6AF9100890DE3 /* TestViewController.m */; };
		8A0FCBF81D1D7C2C00AE396B /* SKProductHelper.h in Headers */ = {isa = PBXBuildFile; fileRef = 8A0FCBF71D1D7C2C00AE396B /* SKProductHelper.h */; };
		8A0FCBFC1D1D7CA200AE396B /* SKProductHelper.m in Sources */ = {isa = PBXBuildFile; fileRef = 8A0FCBFB1D1D7CA200AE396B /* SKProductHelper.m */; };
		8A0FCBFD1D1D7CA200AE396B /* SKProductHelper.m in Sources */ = {isa = PBXBuildFile; fileRef = 8A0FCBFB1D1D7CA200AE396B /* SKProductHelper.m */; };
		8A5083DC1B7CAE0700A6CF52 /* main.m in Sources */ = {isa = PBXBuildFile; fileRef = 8A5083DB1B7CAE0700A6CF52 /* main.m */; };
		8A5083DF1B7CAE0700A6CF52 /* AppDelegate.m in Sources */ = {isa = PBXBuildFile; fileRef = 8A5083DE1B7CAE0700A6CF52 /* AppDelegate.m */; };
		8A5083E21B7CAE0700A6CF52 /* ViewController.m in Sources */ = {isa = PBXBuildFile; fileRef = 8A5083E11B7CAE0700A6CF52 /* ViewController.m */; };
		8A5083E51B7CAE0700A6CF52 /* Main.storyboard in Resources */ = {isa = PBXBuildFile; fileRef = 8A5083E31B7CAE0700A6CF52 /* Main.storyboard */; };
		8A5083E71B7CAE0700A6CF52 /* Images.xcassets in Resources */ = {isa = PBXBuildFile; fileRef = 8A5083E61B7CAE0700A6CF52 /* Images.xcassets */; };
		8A5083EA1B7CAE0700A6CF52 /* LaunchScreen.xib in Resources */ = {isa = PBXBuildFile; fileRef = 8A5083E81B7CAE0700A6CF52 /* LaunchScreen.xib */; };
		8A50842D1B7CAF2300A6CF52 /* Seeds_OpenUDID.h in Headers */ = {isa = PBXBuildFile; fileRef = 8A5084251B7CAF2300A6CF52 /* Seeds_OpenUDID.h */; settings = {ATTRIBUTES = (Public, ); }; };
		8A50842E1B7CAF2300A6CF52 /* Seeds_OpenUDID.m in Sources */ = {isa = PBXBuildFile; fileRef = 8A5084261B7CAF2300A6CF52 /* Seeds_OpenUDID.m */; };
		8A5084311B7CAF2300A6CF52 /* Seeds.xcdatamodeld in Sources */ = {isa = PBXBuildFile; fileRef = 8A5084291B7CAF2300A6CF52 /* Seeds.xcdatamodeld */; };
		8A5084321B7CAF2300A6CF52 /* SeedsDB.h in Headers */ = {isa = PBXBuildFile; fileRef = 8A50842B1B7CAF2300A6CF52 /* SeedsDB.h */; };
		8A5084331B7CAF2300A6CF52 /* SeedsDB.m in Sources */ = {isa = PBXBuildFile; fileRef = 8A50842C1B7CAF2300A6CF52 /* SeedsDB.m */; };
		8A5084591B7CAF7B00A6CF52 /* MFRedirectChecker.h in Headers */ = {isa = PBXBuildFile; fileRef = 8A5084391B7CAF7B00A6CF52 /* MFRedirectChecker.h */; };
		8A50845A1B7CAF7B00A6CF52 /* MFRedirectChecker.m in Sources */ = {isa = PBXBuildFile; fileRef = 8A50843A1B7CAF7B00A6CF52 /* MFRedirectChecker.m */; };
		8A50845B1B7CAF7B00A6CF52 /* MobFoxAdBrowserViewController.h in Headers */ = {isa = PBXBuildFile; fileRef = 8A50843B1B7CAF7B00A6CF52 /* MobFoxAdBrowserViewController.h */; };
		8A50845C1B7CAF7B00A6CF52 /* MobFoxAdBrowserViewController.m in Sources */ = {isa = PBXBuildFile; fileRef = 8A50843C1B7CAF7B00A6CF52 /* MobFoxAdBrowserViewController.m */; };
		8A50845F1B7CAF7B00A6CF52 /* MobFoxHTMLBannerView.h in Headers */ = {isa = PBXBuildFile; fileRef = 8A50843F1B7CAF7B00A6CF52 /* MobFoxHTMLBannerView.h */; };
		8A5084601B7CAF7B00A6CF52 /* MobFoxHTMLBannerView.m in Sources */ = {isa = PBXBuildFile; fileRef = 8A5084401B7CAF7B00A6CF52 /* MobFoxHTMLBannerView.m */; };
		8A5084611B7CAF7B00A6CF52 /* MobFoxInterstitialPlayerViewController.h in Headers */ = {isa = PBXBuildFile; fileRef = 8A5084411B7CAF7B00A6CF52 /* MobFoxInterstitialPlayerViewController.h */; };
		8A5084621B7CAF7B00A6CF52 /* MobFoxInterstitialPlayerViewController.m in Sources */ = {isa = PBXBuildFile; fileRef = 8A5084421B7CAF7B00A6CF52 /* MobFoxInterstitialPlayerViewController.m */; };
		8A5084651B7CAF7B00A6CF52 /* MobFoxToolBar.h in Headers */ = {isa = PBXBuildFile; fileRef = 8A5084451B7CAF7B00A6CF52 /* MobFoxToolBar.h */; };
		8A5084661B7CAF7B00A6CF52 /* MobFoxToolBar.m in Sources */ = {isa = PBXBuildFile; fileRef = 8A5084461B7CAF7B00A6CF52 /* MobFoxToolBar.m */; };
		8A5084671B7CAF7B00A6CF52 /* MobFoxVideoInterstitialViewController.h in Headers */ = {isa = PBXBuildFile; fileRef = 8A5084471B7CAF7B00A6CF52 /* MobFoxVideoInterstitialViewController.h */; };
		8A5084681B7CAF7B00A6CF52 /* MobFoxVideoInterstitialViewController.m in Sources */ = {isa = PBXBuildFile; fileRef = 8A5084481B7CAF7B00A6CF52 /* MobFoxVideoInterstitialViewController.m */; };
		8A50846C1B7CAF7B00A6CF52 /* NSString+MobFox.h in Headers */ = {isa = PBXBuildFile; fileRef = 8A50844C1B7CAF7B00A6CF52 /* NSString+MobFox.h */; };
		8A50846D1B7CAF7B00A6CF52 /* NSString+MobFox.m in Sources */ = {isa = PBXBuildFile; fileRef = 8A50844D1B7CAF7B00A6CF52 /* NSString+MobFox.m */; };
		8A50846E1B7CAF7B00A6CF52 /* NSURL+MobFox.h in Headers */ = {isa = PBXBuildFile; fileRef = 8A50844E1B7CAF7B00A6CF52 /* NSURL+MobFox.h */; };
		8A50846F1B7CAF7B00A6CF52 /* NSURL+MobFox.m in Sources */ = {isa = PBXBuildFile; fileRef = 8A50844F1B7CAF7B00A6CF52 /* NSURL+MobFox.m */; };
		8A5084701B7CAF7B00A6CF52 /* UIButton+MobFox.h in Headers */ = {isa = PBXBuildFile; fileRef = 8A5084501B7CAF7B00A6CF52 /* UIButton+MobFox.h */; };
		8A5084711B7CAF7B00A6CF52 /* UIButton+MobFox.m in Sources */ = {isa = PBXBuildFile; fileRef = 8A5084511B7CAF7B00A6CF52 /* UIButton+MobFox.m */; };
		8A5084721B7CAF7B00A6CF52 /* UIDevice+MFIdentifierAddition.h in Headers */ = {isa = PBXBuildFile; fileRef = 8A5084521B7CAF7B00A6CF52 /* UIDevice+MFIdentifierAddition.h */; };
		8A5084731B7CAF7B00A6CF52 /* UIDevice+MFIdentifierAddition.m in Sources */ = {isa = PBXBuildFile; fileRef = 8A5084531B7CAF7B00A6CF52 /* UIDevice+MFIdentifierAddition.m */; };
		8A5084741B7CAF7B00A6CF52 /* UIImage+MobFox.h in Headers */ = {isa = PBXBuildFile; fileRef = 8A5084541B7CAF7B00A6CF52 /* UIImage+MobFox.h */; };
		8A5084751B7CAF7B00A6CF52 /* UIImage+MobFox.m in Sources */ = {isa = PBXBuildFile; fileRef = 8A5084551B7CAF7B00A6CF52 /* UIImage+MobFox.m */; };
		8A5084761B7CAF7B00A6CF52 /* UIView+FindViewController.h in Headers */ = {isa = PBXBuildFile; fileRef = 8A5084561B7CAF7B00A6CF52 /* UIView+FindViewController.h */; };
		8A5084771B7CAF7B00A6CF52 /* UIView+FindViewController.m in Sources */ = {isa = PBXBuildFile; fileRef = 8A5084571B7CAF7B00A6CF52 /* UIView+FindViewController.m */; };
		8A50847E1B7CAF9300A6CF52 /* MFCustomEventBanner.h in Headers */ = {isa = PBXBuildFile; fileRef = 8A5084781B7CAF9300A6CF52 /* MFCustomEventBanner.h */; };
		8A50847F1B7CAF9300A6CF52 /* MFCustomEventBanner.m in Sources */ = {isa = PBXBuildFile; fileRef = 8A5084791B7CAF9300A6CF52 /* MFCustomEventBanner.m */; };
		8A5084801B7CAF9300A6CF52 /* MFCustomEventBannerDelegate.h in Headers */ = {isa = PBXBuildFile; fileRef = 8A50847A1B7CAF9300A6CF52 /* MFCustomEventBannerDelegate.h */; };
		8A5084811B7CAF9300A6CF52 /* MFCustomEventFullscreen.h in Headers */ = {isa = PBXBuildFile; fileRef = 8A50847B1B7CAF9300A6CF52 /* MFCustomEventFullscreen.h */; };
		8A5084821B7CAF9300A6CF52 /* MFCustomEventFullscreen.m in Sources */ = {isa = PBXBuildFile; fileRef = 8A50847C1B7CAF9300A6CF52 /* MFCustomEventFullscreen.m */; };
		8A5084831B7CAF9300A6CF52 /* MFCustomEventFullscreenDelegate.h in Headers */ = {isa = PBXBuildFile; fileRef = 8A50847D1B7CAF9300A6CF52 /* MFCustomEventFullscreenDelegate.h */; };
		8A7D3B391B7E07B300440CC8 /* SeedsInAppMessageDelegate.h in Headers */ = {isa = PBXBuildFile; fileRef = 8A7D3B381B7E07B300440CC8 /* SeedsInAppMessageDelegate.h */; settings = {ATTRIBUTES = (Public, ); }; };
		8AC3B9141B834CE80059D3CA /* Seeds.xcdatamodeld in Sources */ = {isa = PBXBuildFile; fileRef = 8A5084291B7CAF2300A6CF52 /* Seeds.xcdatamodeld */; };
		8AC3B9241B834D720059D3CA /* MFRedirectChecker.m in Sources */ = {isa = PBXBuildFile; fileRef = 8A50843A1B7CAF7B00A6CF52 /* MFRedirectChecker.m */; };
		8AC3B9251B834D720059D3CA /* MobFoxAdBrowserViewController.m in Sources */ = {isa = PBXBuildFile; fileRef = 8A50843C1B7CAF7B00A6CF52 /* MobFoxAdBrowserViewController.m */; };
		8AC3B9261B834D720059D3CA /* MobFoxHTMLBannerView.m in Sources */ = {isa = PBXBuildFile; fileRef = 8A5084401B7CAF7B00A6CF52 /* MobFoxHTMLBannerView.m */; };
		8AC3B9271B834D720059D3CA /* MobFoxInterstitialPlayerViewController.m in Sources */ = {isa = PBXBuildFile; fileRef = 8A5084421B7CAF7B00A6CF52 /* MobFoxInterstitialPlayerViewController.m */; };
		8AC3B9281B834D720059D3CA /* MobFoxToolBar.m in Sources */ = {isa = PBXBuildFile; fileRef = 8A5084461B7CAF7B00A6CF52 /* MobFoxToolBar.m */; };
		8AC3B9291B834D720059D3CA /* MobFoxVideoInterstitialViewController.m in Sources */ = {isa = PBXBuildFile; fileRef = 8A5084481B7CAF7B00A6CF52 /* MobFoxVideoInterstitialViewController.m */; };
		8AC3B92A1B834D720059D3CA /* NSString+MobFox.m in Sources */ = {isa = PBXBuildFile; fileRef = 8A50844D1B7CAF7B00A6CF52 /* NSString+MobFox.m */; };
		8AC3B92B1B834D720059D3CA /* NSURL+MobFox.m in Sources */ = {isa = PBXBuildFile; fileRef = 8A50844F1B7CAF7B00A6CF52 /* NSURL+MobFox.m */; };
		8AC3B92C1B834D720059D3CA /* UIButton+MobFox.m in Sources */ = {isa = PBXBuildFile; fileRef = 8A5084511B7CAF7B00A6CF52 /* UIButton+MobFox.m */; };
		8AC3B92D1B834D720059D3CA /* UIDevice+MFIdentifierAddition.m in Sources */ = {isa = PBXBuildFile; fileRef = 8A5084531B7CAF7B00A6CF52 /* UIDevice+MFIdentifierAddition.m */; };
		8AC3B92E1B834D720059D3CA /* UIImage+MobFox.m in Sources */ = {isa = PBXBuildFile; fileRef = 8A5084551B7CAF7B00A6CF52 /* UIImage+MobFox.m */; };
		8AC3B92F1B834D720059D3CA /* UIView+FindViewController.m in Sources */ = {isa = PBXBuildFile; fileRef = 8A5084571B7CAF7B00A6CF52 /* UIView+FindViewController.m */; };
		8AC3B9301B834D720059D3CA /* Seeds_OpenUDID.m in Sources */ = {isa = PBXBuildFile; fileRef = 8A5084261B7CAF2300A6CF52 /* Seeds_OpenUDID.m */; };
		8AC3B9321B834D720059D3CA /* SeedsDB.m in Sources */ = {isa = PBXBuildFile; fileRef = 8A50842C1B7CAF2300A6CF52 /* SeedsDB.m */; };
		8AC3B9331B834D790059D3CA /* MFCustomEventBanner.m in Sources */ = {isa = PBXBuildFile; fileRef = 8A5084791B7CAF9300A6CF52 /* MFCustomEventBanner.m */; };
		8AC3B9341B834D790059D3CA /* MFCustomEventFullscreen.m in Sources */ = {isa = PBXBuildFile; fileRef = 8A50847C1B7CAF9300A6CF52 /* MFCustomEventFullscreen.m */; };
		8AC3B9371B83525C0059D3CA /* ViewController.m in Sources */ = {isa = PBXBuildFile; fileRef = 8A5083E11B7CAE0700A6CF52 /* ViewController.m */; };
		8AC3B9381B83525C0059D3CA /* AppDelegate.m in Sources */ = {isa = PBXBuildFile; fileRef = 8A5083DE1B7CAE0700A6CF52 /* AppDelegate.m */; };
		8AC3B9391B83525C0059D3CA /* main.m in Sources */ = {isa = PBXBuildFile; fileRef = 8A5083DB1B7CAE0700A6CF52 /* main.m */; };
		8AC3B93C1B83525C0059D3CA /* CoreData.framework in Frameworks */ = {isa = PBXBuildFile; fileRef = 8AC3B8DC1B83403A0059D3CA /* CoreData.framework */; };
		8AC3B93D1B83525C0059D3CA /* CoreTelephony.framework in Frameworks */ = {isa = PBXBuildFile; fileRef = 8AC3B8DF1B83406E0059D3CA /* CoreTelephony.framework */; };
		8AC3B93F1B83525C0059D3CA /* Main.storyboard in Resources */ = {isa = PBXBuildFile; fileRef = 8A5083E31B7CAE0700A6CF52 /* Main.storyboard */; };
		8AC3B9401B83525C0059D3CA /* LaunchScreen.xib in Resources */ = {isa = PBXBuildFile; fileRef = 8A5083E81B7CAE0700A6CF52 /* LaunchScreen.xib */; };
		8AC3B9411B83525C0059D3CA /* Images.xcassets in Resources */ = {isa = PBXBuildFile; fileRef = 8A5083E61B7CAE0700A6CF52 /* Images.xcassets */; };
		8AC3B9471B8352E90059D3CA /* SeedsSDK.framework in Frameworks */ = {isa = PBXBuildFile; fileRef = 8A50839B1B7CADAB00A6CF52 /* SeedsSDK.framework */; };
		8AC3B9481B8352E90059D3CA /* SeedsSDK.framework in Embed Frameworks */ = {isa = PBXBuildFile; fileRef = 8A50839B1B7CADAB00A6CF52 /* SeedsSDK.framework */; settings = {ATTRIBUTES = (CodeSignOnCopy, RemoveHeadersOnCopy, ); }; };
		8AC3B94D1B8354030059D3CA /* libSeedsLibrary.a in Frameworks */ = {isa = PBXBuildFile; fileRef = 8AC3B8FD1B834CC30059D3CA /* libSeedsLibrary.a */; };
		8AC3B9501B8355120059D3CA /* SeedsResources.bundle in Resources */ = {isa = PBXBuildFile; fileRef = 8AC3B8F21B834C380059D3CA /* SeedsResources.bundle */; };
		C467A2D71D54884200E2DCDC /* Seeds.h in Headers */ = {isa = PBXBuildFile; fileRef = C47793D71D533E1500E4FCC6 /* Seeds.h */; };
		C467A2D81D54887300E2DCDC /* SeedsSDK.h in Headers */ = {isa = PBXBuildFile; fileRef = 8A5084B51B7CB44600A6CF52 /* SeedsSDK.h */; };
		C467A2DA1D54A37D00E2DCDC /* SeedsInterstitialAdsTest.m in Sources */ = {isa = PBXBuildFile; fileRef = C467A2D91D54A37D00E2DCDC /* SeedsInterstitialAdsTest.m */; };
		C467A2DC1D54B20700E2DCDC /* SeedsConnectionQueueTest.m in Sources */ = {isa = PBXBuildFile; fileRef = C467A2DB1D54B20700E2DCDC /* SeedsConnectionQueueTest.m */; };
		C467A2DE1D54C97400E2DCDC /* SeedsEventQueueTest.m in Sources */ = {isa = PBXBuildFile; fileRef = C467A2DD1D54C97400E2DCDC /* SeedsEventQueueTest.m */; };
		C467A2E01D54D30700E2DCDC /* SeedsEventTest.m in Sources */ = {isa = PBXBuildFile; fileRef = C467A2DF1D54D30700E2DCDC /* SeedsEventTest.m */; };
		C47793D21D52297300E4FCC6 /* SeedsTest.m in Sources */ = {isa = PBXBuildFile; fileRef = C47793D11D52297300E4FCC6 /* SeedsTest.m */; };
		C47793D41D522BC500E4FCC6 /* libOCMock.a in Frameworks */ = {isa = PBXBuildFile; fileRef = C47793D31D522BC500E4FCC6 /* libOCMock.a */; };
		C47793D61D533D6600E4FCC6 /* Seeds.m in Sources */ = {isa = PBXBuildFile; fileRef = C47793D51D533D6600E4FCC6 /* Seeds.m */; };
		C47793D91D534E9400E4FCC6 /* SeedsDeviceInfo.m in Sources */ = {isa = PBXBuildFile; fileRef = C47793D81D534E9400E4FCC6 /* SeedsDeviceInfo.m */; };
		C47793DD1D537D7200E4FCC6 /* SeedsUserDetails.m in Sources */ = {isa = PBXBuildFile; fileRef = C47793DC1D537D7200E4FCC6 /* SeedsUserDetails.m */; };
		C47793DF1D537EE100E4FCC6 /* SeedsEvent.m in Sources */ = {isa = PBXBuildFile; fileRef = C47793DE1D537EE100E4FCC6 /* SeedsEvent.m */; };
		C47793E31D53912C00E4FCC6 /* SeedsEventQueue.m in Sources */ = {isa = PBXBuildFile; fileRef = C47793E21D53912C00E4FCC6 /* SeedsEventQueue.m */; };
		C47793E51D5393AF00E4FCC6 /* SeedsUrlFormatter.m in Sources */ = {isa = PBXBuildFile; fileRef = C47793E41D5393AF00E4FCC6 /* SeedsUrlFormatter.m */; };
		C47793E91D53978000E4FCC6 /* SeedsConnectionQueue.m in Sources */ = {isa = PBXBuildFile; fileRef = C47793E81D53978000E4FCC6 /* SeedsConnectionQueue.m */; };
		C47793EB1D539BE600E4FCC6 /* SeedsInterstitialAds.m in Sources */ = {isa = PBXBuildFile; fileRef = C47793EA1D539BE600E4FCC6 /* SeedsInterstitialAds.m */; };
		C4DC5E061D5A24A70097DEC1 /* circle.yml in Resources */ = {isa = PBXBuildFile; fileRef = C4DC5E051D5A24A70097DEC1 /* circle.yml */; };
/* End PBXBuildFile section */

/* Begin PBXContainerItemProxy section */
		7ED393C01BA698E500890DE3 /* PBXContainerItemProxy */ = {
			isa = PBXContainerItemProxy;
			containerPortal = 8A5083901B7CAD6100A6CF52 /* Project object */;
			proxyType = 1;
			remoteGlobalIDString = 8A50839A1B7CADAB00A6CF52;
			remoteInfo = SeedsSDK;
		};
		8A628DD21BA6DD8700CB77E6 /* PBXContainerItemProxy */ = {
			isa = PBXContainerItemProxy;
			containerPortal = 8A5083901B7CAD6100A6CF52 /* Project object */;
			proxyType = 1;
			remoteGlobalIDString = 8A5083D61B7CAE0700A6CF52;
			remoteInfo = SeedsDemo_EmbeddedFramework;
		};
		8AC3B9491B8352E90059D3CA /* PBXContainerItemProxy */ = {
			isa = PBXContainerItemProxy;
			containerPortal = 8A5083901B7CAD6100A6CF52 /* Project object */;
			proxyType = 1;
			remoteGlobalIDString = 8A50839A1B7CADAB00A6CF52;
			remoteInfo = SeedsSDK;
		};
		8AC3B9511B8356BC0059D3CA /* PBXContainerItemProxy */ = {
			isa = PBXContainerItemProxy;
			containerPortal = 8A5083901B7CAD6100A6CF52 /* Project object */;
			proxyType = 1;
			remoteGlobalIDString = 8AC3B8F11B834C380059D3CA;
			remoteInfo = SeedsResources;
		};
		8AC3B9531B8356BC0059D3CA /* PBXContainerItemProxy */ = {
			isa = PBXContainerItemProxy;
			containerPortal = 8A5083901B7CAD6100A6CF52 /* Project object */;
			proxyType = 1;
			remoteGlobalIDString = 8AC3B8FC1B834CC30059D3CA;
			remoteInfo = SeedsLibrary;
		};
/* End PBXContainerItemProxy section */

/* Begin PBXCopyFilesBuildPhase section */
		8AC3B8FB1B834CC30059D3CA /* CopyFiles */ = {
			isa = PBXCopyFilesBuildPhase;
			buildActionMask = 2147483647;
			dstPath = "include/$(PRODUCT_NAME)";
			dstSubfolderSpec = 16;
			files = (
			);
			runOnlyForDeploymentPostprocessing = 0;
		};
		8AC3B94B1B8352EA0059D3CA /* Embed Frameworks */ = {
			isa = PBXCopyFilesBuildPhase;
			buildActionMask = 2147483647;
			dstPath = "";
			dstSubfolderSpec = 10;
			files = (
				8AC3B9481B8352E90059D3CA /* SeedsSDK.framework in Embed Frameworks */,
			);
			name = "Embed Frameworks";
			runOnlyForDeploymentPostprocessing = 0;
		};
/* End PBXCopyFilesBuildPhase section */

/* Begin PBXFileReference section */
		7ED393B91BA698E500890DE3 /* SeedsSDK Tests.xctest */ = {isa = PBXFileReference; explicitFileType = wrapper.cfbundle; includeInIndex = 0; path = "SeedsSDK Tests.xctest"; sourceTree = BUILT_PRODUCTS_DIR; };
		7ED393BC1BA698E500890DE3 /* Info.plist */ = {isa = PBXFileReference; lastKnownFileType = text.plist.xml; path = Info.plist; sourceTree = "<group>"; };
		7ED393BD1BA698E500890DE3 /* SeedsSDK_Tests.m */ = {isa = PBXFileReference; lastKnownFileType = sourcecode.c.objc; path = SeedsSDK_Tests.m; sourceTree = "<group>"; };
		7ED393CC1BA6AF9100890DE3 /* TestViewController.h */ = {isa = PBXFileReference; fileEncoding = 4; lastKnownFileType = sourcecode.c.h; path = TestViewController.h; sourceTree = "<group>"; };
		7ED393CD1BA6AF9100890DE3 /* TestViewController.m */ = {isa = PBXFileReference; fileEncoding = 4; lastKnownFileType = sourcecode.c.objc; path = TestViewController.m; sourceTree = "<group>"; };
		8A0FCBF71D1D7C2C00AE396B /* SKProductHelper.h */ = {isa = PBXFileReference; fileEncoding = 4; lastKnownFileType = sourcecode.c.h; path = SKProductHelper.h; sourceTree = "<group>"; };
		8A0FCBFB1D1D7CA200AE396B /* SKProductHelper.m */ = {isa = PBXFileReference; fileEncoding = 4; lastKnownFileType = sourcecode.c.objc; path = SKProductHelper.m; sourceTree = "<group>"; };
		8A3EF95B1B843D7E0025254B /* BuildUnity3D.sh */ = {isa = PBXFileReference; lastKnownFileType = text.script.sh; path = BuildUnity3D.sh; sourceTree = "<group>"; };
		8A50839B1B7CADAB00A6CF52 /* SeedsSDK.framework */ = {isa = PBXFileReference; explicitFileType = wrapper.framework; includeInIndex = 0; path = SeedsSDK.framework; sourceTree = BUILT_PRODUCTS_DIR; };
		8A50839F1B7CADAB00A6CF52 /* EmbeddedFrameworkInfo.plist */ = {isa = PBXFileReference; lastKnownFileType = text.plist.xml; path = EmbeddedFrameworkInfo.plist; sourceTree = "<group>"; };
		8A5083D71B7CAE0700A6CF52 /* SeedsDemo_EmbeddedFramework.app */ = {isa = PBXFileReference; explicitFileType = wrapper.application; includeInIndex = 0; path = SeedsDemo_EmbeddedFramework.app; sourceTree = BUILT_PRODUCTS_DIR; };
		8A5083DA1B7CAE0700A6CF52 /* Info-Legacy.plist */ = {isa = PBXFileReference; lastKnownFileType = text.plist.xml; path = "Info-Legacy.plist"; sourceTree = "<group>"; };
		8A5083DB1B7CAE0700A6CF52 /* main.m */ = {isa = PBXFileReference; lastKnownFileType = sourcecode.c.objc; path = main.m; sourceTree = "<group>"; };
		8A5083DD1B7CAE0700A6CF52 /* AppDelegate.h */ = {isa = PBXFileReference; lastKnownFileType = sourcecode.c.h; path = AppDelegate.h; sourceTree = "<group>"; };
		8A5083DE1B7CAE0700A6CF52 /* AppDelegate.m */ = {isa = PBXFileReference; lastKnownFileType = sourcecode.c.objc; path = AppDelegate.m; sourceTree = "<group>"; };
		8A5083E01B7CAE0700A6CF52 /* ViewController.h */ = {isa = PBXFileReference; lastKnownFileType = sourcecode.c.h; path = ViewController.h; sourceTree = "<group>"; };
		8A5083E11B7CAE0700A6CF52 /* ViewController.m */ = {isa = PBXFileReference; lastKnownFileType = sourcecode.c.objc; path = ViewController.m; sourceTree = "<group>"; };
		8A5083E41B7CAE0700A6CF52 /* Base */ = {isa = PBXFileReference; lastKnownFileType = file.storyboard; name = Base; path = Base.lproj/Main.storyboard; sourceTree = "<group>"; };
		8A5083E61B7CAE0700A6CF52 /* Images.xcassets */ = {isa = PBXFileReference; lastKnownFileType = folder.assetcatalog; path = Images.xcassets; sourceTree = "<group>"; };
		8A5083E91B7CAE0700A6CF52 /* Base */ = {isa = PBXFileReference; lastKnownFileType = file.xib; name = Base; path = Base.lproj/LaunchScreen.xib; sourceTree = "<group>"; };
		8A5084251B7CAF2300A6CF52 /* Seeds_OpenUDID.h */ = {isa = PBXFileReference; fileEncoding = 4; lastKnownFileType = sourcecode.c.h; path = Seeds_OpenUDID.h; sourceTree = "<group>"; };
		8A5084261B7CAF2300A6CF52 /* Seeds_OpenUDID.m */ = {isa = PBXFileReference; fileEncoding = 4; lastKnownFileType = sourcecode.c.objc; path = Seeds_OpenUDID.m; sourceTree = "<group>"; };
		8A50842A1B7CAF2300A6CF52 /* Seeds.xcdatamodel */ = {isa = PBXFileReference; lastKnownFileType = wrapper.xcdatamodel; path = Seeds.xcdatamodel; sourceTree = "<group>"; };
		8A50842B1B7CAF2300A6CF52 /* SeedsDB.h */ = {isa = PBXFileReference; fileEncoding = 4; lastKnownFileType = sourcecode.c.h; path = SeedsDB.h; sourceTree = "<group>"; };
		8A50842C1B7CAF2300A6CF52 /* SeedsDB.m */ = {isa = PBXFileReference; fileEncoding = 4; lastKnownFileType = sourcecode.c.objc; path = SeedsDB.m; sourceTree = "<group>"; };
		8A5084361B7CAF6500A6CF52 /* LICENSE */ = {isa = PBXFileReference; fileEncoding = 4; lastKnownFileType = text; path = LICENSE; sourceTree = "<group>"; };
		8A5084381B7CAF7B00A6CF52 /* LICENSE */ = {isa = PBXFileReference; fileEncoding = 4; lastKnownFileType = text; path = LICENSE; sourceTree = "<group>"; };
		8A5084391B7CAF7B00A6CF52 /* MFRedirectChecker.h */ = {isa = PBXFileReference; fileEncoding = 4; lastKnownFileType = sourcecode.c.h; path = MFRedirectChecker.h; sourceTree = "<group>"; };
		8A50843A1B7CAF7B00A6CF52 /* MFRedirectChecker.m */ = {isa = PBXFileReference; fileEncoding = 4; lastKnownFileType = sourcecode.c.objc; path = MFRedirectChecker.m; sourceTree = "<group>"; };
		8A50843B1B7CAF7B00A6CF52 /* MobFoxAdBrowserViewController.h */ = {isa = PBXFileReference; fileEncoding = 4; lastKnownFileType = sourcecode.c.h; path = MobFoxAdBrowserViewController.h; sourceTree = "<group>"; };
		8A50843C1B7CAF7B00A6CF52 /* MobFoxAdBrowserViewController.m */ = {isa = PBXFileReference; fileEncoding = 4; lastKnownFileType = sourcecode.c.objc; path = MobFoxAdBrowserViewController.m; sourceTree = "<group>"; };
		8A50843F1B7CAF7B00A6CF52 /* MobFoxHTMLBannerView.h */ = {isa = PBXFileReference; fileEncoding = 4; lastKnownFileType = sourcecode.c.h; path = MobFoxHTMLBannerView.h; sourceTree = "<group>"; };
		8A5084401B7CAF7B00A6CF52 /* MobFoxHTMLBannerView.m */ = {isa = PBXFileReference; fileEncoding = 4; lastKnownFileType = sourcecode.c.objc; path = MobFoxHTMLBannerView.m; sourceTree = "<group>"; };
		8A5084411B7CAF7B00A6CF52 /* MobFoxInterstitialPlayerViewController.h */ = {isa = PBXFileReference; fileEncoding = 4; lastKnownFileType = sourcecode.c.h; path = MobFoxInterstitialPlayerViewController.h; sourceTree = "<group>"; };
		8A5084421B7CAF7B00A6CF52 /* MobFoxInterstitialPlayerViewController.m */ = {isa = PBXFileReference; fileEncoding = 4; lastKnownFileType = sourcecode.c.objc; path = MobFoxInterstitialPlayerViewController.m; sourceTree = "<group>"; };
		8A5084451B7CAF7B00A6CF52 /* MobFoxToolBar.h */ = {isa = PBXFileReference; fileEncoding = 4; lastKnownFileType = sourcecode.c.h; path = MobFoxToolBar.h; sourceTree = "<group>"; };
		8A5084461B7CAF7B00A6CF52 /* MobFoxToolBar.m */ = {isa = PBXFileReference; fileEncoding = 4; lastKnownFileType = sourcecode.c.objc; path = MobFoxToolBar.m; sourceTree = "<group>"; };
		8A5084471B7CAF7B00A6CF52 /* MobFoxVideoInterstitialViewController.h */ = {isa = PBXFileReference; fileEncoding = 4; lastKnownFileType = sourcecode.c.h; path = MobFoxVideoInterstitialViewController.h; sourceTree = "<group>"; };
		8A5084481B7CAF7B00A6CF52 /* MobFoxVideoInterstitialViewController.m */ = {isa = PBXFileReference; fileEncoding = 4; lastKnownFileType = sourcecode.c.objc; path = MobFoxVideoInterstitialViewController.m; sourceTree = "<group>"; };
		8A5084491B7CAF7B00A6CF52 /* NOTICE */ = {isa = PBXFileReference; fileEncoding = 4; lastKnownFileType = text; path = NOTICE; sourceTree = "<group>"; };
		8A50844C1B7CAF7B00A6CF52 /* NSString+MobFox.h */ = {isa = PBXFileReference; fileEncoding = 4; lastKnownFileType = sourcecode.c.h; path = "NSString+MobFox.h"; sourceTree = "<group>"; };
		8A50844D1B7CAF7B00A6CF52 /* NSString+MobFox.m */ = {isa = PBXFileReference; fileEncoding = 4; lastKnownFileType = sourcecode.c.objc; path = "NSString+MobFox.m"; sourceTree = "<group>"; };
		8A50844E1B7CAF7B00A6CF52 /* NSURL+MobFox.h */ = {isa = PBXFileReference; fileEncoding = 4; lastKnownFileType = sourcecode.c.h; path = "NSURL+MobFox.h"; sourceTree = "<group>"; };
		8A50844F1B7CAF7B00A6CF52 /* NSURL+MobFox.m */ = {isa = PBXFileReference; fileEncoding = 4; lastKnownFileType = sourcecode.c.objc; path = "NSURL+MobFox.m"; sourceTree = "<group>"; };
		8A5084501B7CAF7B00A6CF52 /* UIButton+MobFox.h */ = {isa = PBXFileReference; fileEncoding = 4; lastKnownFileType = sourcecode.c.h; path = "UIButton+MobFox.h"; sourceTree = "<group>"; };
		8A5084511B7CAF7B00A6CF52 /* UIButton+MobFox.m */ = {isa = PBXFileReference; fileEncoding = 4; lastKnownFileType = sourcecode.c.objc; path = "UIButton+MobFox.m"; sourceTree = "<group>"; };
		8A5084521B7CAF7B00A6CF52 /* UIDevice+MFIdentifierAddition.h */ = {isa = PBXFileReference; fileEncoding = 4; lastKnownFileType = sourcecode.c.h; path = "UIDevice+MFIdentifierAddition.h"; sourceTree = "<group>"; };
		8A5084531B7CAF7B00A6CF52 /* UIDevice+MFIdentifierAddition.m */ = {isa = PBXFileReference; fileEncoding = 4; lastKnownFileType = sourcecode.c.objc; path = "UIDevice+MFIdentifierAddition.m"; sourceTree = "<group>"; };
		8A5084541B7CAF7B00A6CF52 /* UIImage+MobFox.h */ = {isa = PBXFileReference; fileEncoding = 4; lastKnownFileType = sourcecode.c.h; path = "UIImage+MobFox.h"; sourceTree = "<group>"; };
		8A5084551B7CAF7B00A6CF52 /* UIImage+MobFox.m */ = {isa = PBXFileReference; fileEncoding = 4; lastKnownFileType = sourcecode.c.objc; path = "UIImage+MobFox.m"; sourceTree = "<group>"; };
		8A5084561B7CAF7B00A6CF52 /* UIView+FindViewController.h */ = {isa = PBXFileReference; fileEncoding = 4; lastKnownFileType = sourcecode.c.h; path = "UIView+FindViewController.h"; sourceTree = "<group>"; };
		8A5084571B7CAF7B00A6CF52 /* UIView+FindViewController.m */ = {isa = PBXFileReference; fileEncoding = 4; lastKnownFileType = sourcecode.c.objc; path = "UIView+FindViewController.m"; sourceTree = "<group>"; };
		8A5084781B7CAF9300A6CF52 /* MFCustomEventBanner.h */ = {isa = PBXFileReference; fileEncoding = 4; lastKnownFileType = sourcecode.c.h; path = MFCustomEventBanner.h; sourceTree = "<group>"; };
		8A5084791B7CAF9300A6CF52 /* MFCustomEventBanner.m */ = {isa = PBXFileReference; fileEncoding = 4; lastKnownFileType = sourcecode.c.objc; path = MFCustomEventBanner.m; sourceTree = "<group>"; };
		8A50847A1B7CAF9300A6CF52 /* MFCustomEventBannerDelegate.h */ = {isa = PBXFileReference; fileEncoding = 4; lastKnownFileType = sourcecode.c.h; path = MFCustomEventBannerDelegate.h; sourceTree = "<group>"; };
		8A50847B1B7CAF9300A6CF52 /* MFCustomEventFullscreen.h */ = {isa = PBXFileReference; fileEncoding = 4; lastKnownFileType = sourcecode.c.h; path = MFCustomEventFullscreen.h; sourceTree = "<group>"; };
		8A50847C1B7CAF9300A6CF52 /* MFCustomEventFullscreen.m */ = {isa = PBXFileReference; fileEncoding = 4; lastKnownFileType = sourcecode.c.objc; path = MFCustomEventFullscreen.m; sourceTree = "<group>"; };
		8A50847D1B7CAF9300A6CF52 /* MFCustomEventFullscreenDelegate.h */ = {isa = PBXFileReference; fileEncoding = 4; lastKnownFileType = sourcecode.c.h; path = MFCustomEventFullscreenDelegate.h; sourceTree = "<group>"; };
		8A5084B51B7CB44600A6CF52 /* SeedsSDK.h */ = {isa = PBXFileReference; lastKnownFileType = sourcecode.c.h; name = SeedsSDK.h; path = ../SeedsSDK.h; sourceTree = "<group>"; };
		8A7C95D71C7ED35100409025 /* BuildFramework.sh */ = {isa = PBXFileReference; fileEncoding = 4; lastKnownFileType = text.script.sh; path = BuildFramework.sh; sourceTree = "<group>"; };
		8A7C95D81C7ED35100409025 /* SeedsSDK.podspec */ = {isa = PBXFileReference; fileEncoding = 4; lastKnownFileType = text; path = SeedsSDK.podspec; sourceTree = "<group>"; };
		8A7C95D91C7ED35100409025 /* README.md */ = {isa = PBXFileReference; fileEncoding = 4; lastKnownFileType = net.daringfireball.markdown; path = README.md; sourceTree = "<group>"; };
		8A7D3B381B7E07B300440CC8 /* SeedsInAppMessageDelegate.h */ = {isa = PBXFileReference; fileEncoding = 4; lastKnownFileType = sourcecode.c.h; path = SeedsInAppMessageDelegate.h; sourceTree = "<group>"; };
		8AC3B8DC1B83403A0059D3CA /* CoreData.framework */ = {isa = PBXFileReference; lastKnownFileType = wrapper.framework; name = CoreData.framework; path = Platforms/iPhoneOS.platform/Developer/SDKs/iPhoneOS8.4.sdk/System/Library/Frameworks/CoreData.framework; sourceTree = DEVELOPER_DIR; };
		8AC3B8DF1B83406E0059D3CA /* CoreTelephony.framework */ = {isa = PBXFileReference; lastKnownFileType = wrapper.framework; name = CoreTelephony.framework; path = Platforms/iPhoneOS.platform/Developer/SDKs/iPhoneOS8.4.sdk/System/Library/Frameworks/CoreTelephony.framework; sourceTree = DEVELOPER_DIR; };
		8AC3B8F21B834C380059D3CA /* SeedsResources.bundle */ = {isa = PBXFileReference; explicitFileType = wrapper.cfbundle; includeInIndex = 0; path = SeedsResources.bundle; sourceTree = BUILT_PRODUCTS_DIR; };
		8AC3B8FD1B834CC30059D3CA /* libSeedsLibrary.a */ = {isa = PBXFileReference; explicitFileType = archive.ar; includeInIndex = 0; path = libSeedsLibrary.a; sourceTree = BUILT_PRODUCTS_DIR; };
		8AC3B9451B83525C0059D3CA /* SeedsDemo_Legacy.app */ = {isa = PBXFileReference; explicitFileType = wrapper.application; includeInIndex = 0; path = SeedsDemo_Legacy.app; sourceTree = BUILT_PRODUCTS_DIR; };
		8AC3B94C1B83538F0059D3CA /* Info-EmbeddedFramework.plist */ = {isa = PBXFileReference; lastKnownFileType = text.plist.xml; path = "Info-EmbeddedFramework.plist"; sourceTree = "<group>"; };
		8AC3B94F1B8354DA0059D3CA /* ResourcesBundleInfo.plist */ = {isa = PBXFileReference; lastKnownFileType = text.plist.xml; path = ResourcesBundleInfo.plist; sourceTree = "<group>"; };
		C467A2D91D54A37D00E2DCDC /* SeedsInterstitialAdsTest.m */ = {isa = PBXFileReference; fileEncoding = 4; lastKnownFileType = sourcecode.c.objc; path = SeedsInterstitialAdsTest.m; sourceTree = "<group>"; };
		C467A2DB1D54B20700E2DCDC /* SeedsConnectionQueueTest.m */ = {isa = PBXFileReference; fileEncoding = 4; lastKnownFileType = sourcecode.c.objc; path = SeedsConnectionQueueTest.m; sourceTree = "<group>"; };
		C467A2DD1D54C97400E2DCDC /* SeedsEventQueueTest.m */ = {isa = PBXFileReference; fileEncoding = 4; lastKnownFileType = sourcecode.c.objc; path = SeedsEventQueueTest.m; sourceTree = "<group>"; };
		C467A2DF1D54D30700E2DCDC /* SeedsEventTest.m */ = {isa = PBXFileReference; fileEncoding = 4; lastKnownFileType = sourcecode.c.objc; path = SeedsEventTest.m; sourceTree = "<group>"; };
		C47793D11D52297300E4FCC6 /* SeedsTest.m */ = {isa = PBXFileReference; fileEncoding = 4; lastKnownFileType = sourcecode.c.objc; path = SeedsTest.m; sourceTree = "<group>"; };
		C47793D31D522BC500E4FCC6 /* libOCMock.a */ = {isa = PBXFileReference; lastKnownFileType = archive.ar; name = libOCMock.a; path = usr/lib/libOCMock.a; sourceTree = "<group>"; };
		C47793D51D533D6600E4FCC6 /* Seeds.m */ = {isa = PBXFileReference; fileEncoding = 4; lastKnownFileType = sourcecode.c.objc; path = Seeds.m; sourceTree = "<group>"; };
		C47793D71D533E1500E4FCC6 /* Seeds.h */ = {isa = PBXFileReference; lastKnownFileType = sourcecode.c.h; name = Seeds.h; path = SDK/Seeds.h; sourceTree = SOURCE_ROOT; };
		C47793D81D534E9400E4FCC6 /* SeedsDeviceInfo.m */ = {isa = PBXFileReference; fileEncoding = 4; lastKnownFileType = sourcecode.c.objc; path = SeedsDeviceInfo.m; sourceTree = "<group>"; };
		C47793DA1D534F8200E4FCC6 /* SeedsDeviceInfo.h */ = {isa = PBXFileReference; lastKnownFileType = sourcecode.c.h; path = SeedsDeviceInfo.h; sourceTree = "<group>"; };
		C47793DB1D537D1E00E4FCC6 /* SeedsUserDetails.h */ = {isa = PBXFileReference; lastKnownFileType = sourcecode.c.h; path = SeedsUserDetails.h; sourceTree = "<group>"; };
		C47793DC1D537D7200E4FCC6 /* SeedsUserDetails.m */ = {isa = PBXFileReference; fileEncoding = 4; lastKnownFileType = sourcecode.c.objc; path = SeedsUserDetails.m; sourceTree = "<group>"; };
		C47793DE1D537EE100E4FCC6 /* SeedsEvent.m */ = {isa = PBXFileReference; fileEncoding = 4; lastKnownFileType = sourcecode.c.objc; path = SeedsEvent.m; sourceTree = "<group>"; };
		C47793E01D537F6F00E4FCC6 /* SeedsEvent.h */ = {isa = PBXFileReference; lastKnownFileType = sourcecode.c.h; path = SeedsEvent.h; sourceTree = "<group>"; };
		C47793E11D5390CF00E4FCC6 /* SeedsEventQueue.h */ = {isa = PBXFileReference; lastKnownFileType = sourcecode.c.h; path = SeedsEventQueue.h; sourceTree = "<group>"; };
		C47793E21D53912C00E4FCC6 /* SeedsEventQueue.m */ = {isa = PBXFileReference; fileEncoding = 4; lastKnownFileType = sourcecode.c.objc; path = SeedsEventQueue.m; sourceTree = "<group>"; };
		C47793E41D5393AF00E4FCC6 /* SeedsUrlFormatter.m */ = {isa = PBXFileReference; fileEncoding = 4; lastKnownFileType = sourcecode.c.objc; path = SeedsUrlFormatter.m; sourceTree = "<group>"; };
		C47793E61D5394CE00E4FCC6 /* SeedsUrlFormatter.h */ = {isa = PBXFileReference; lastKnownFileType = sourcecode.c.h; path = SeedsUrlFormatter.h; sourceTree = "<group>"; };
		C47793E71D53975200E4FCC6 /* SeedsConnectionQueue.h */ = {isa = PBXFileReference; lastKnownFileType = sourcecode.c.h; path = SeedsConnectionQueue.h; sourceTree = "<group>"; };
		C47793E81D53978000E4FCC6 /* SeedsConnectionQueue.m */ = {isa = PBXFileReference; fileEncoding = 4; lastKnownFileType = sourcecode.c.objc; path = SeedsConnectionQueue.m; sourceTree = "<group>"; };
		C47793EA1D539BE600E4FCC6 /* SeedsInterstitialAds.m */ = {isa = PBXFileReference; fileEncoding = 4; lastKnownFileType = sourcecode.c.objc; path = SeedsInterstitialAds.m; sourceTree = "<group>"; };
		C47793EC1D539C2D00E4FCC6 /* SeedsInterstitialAds.h */ = {isa = PBXFileReference; lastKnownFileType = sourcecode.c.h; path = SeedsInterstitialAds.h; sourceTree = "<group>"; };
		C4DC5E051D5A24A70097DEC1 /* circle.yml */ = {isa = PBXFileReference; fileEncoding = 4; lastKnownFileType = text; path = circle.yml; sourceTree = "<group>"; };
/* End PBXFileReference section */

/* Begin PBXFrameworksBuildPhase section */
		7ED393B61BA698E500890DE3 /* Frameworks */ = {
			isa = PBXFrameworksBuildPhase;
			buildActionMask = 2147483647;
			files = (
				C47793D41D522BC500E4FCC6 /* libOCMock.a in Frameworks */,
				7ED393BF1BA698E500890DE3 /* SeedsSDK.framework in Frameworks */,
			);
			runOnlyForDeploymentPostprocessing = 0;
		};
		8A5083971B7CADAB00A6CF52 /* Frameworks */ = {
			isa = PBXFrameworksBuildPhase;
			buildActionMask = 2147483647;
			files = (
			);
			runOnlyForDeploymentPostprocessing = 0;
		};
		8A5083D41B7CAE0700A6CF52 /* Frameworks */ = {
			isa = PBXFrameworksBuildPhase;
			buildActionMask = 2147483647;
			files = (
				8AC3B9471B8352E90059D3CA /* SeedsSDK.framework in Frameworks */,
			);
			runOnlyForDeploymentPostprocessing = 0;
		};
		8AC3B8EF1B834C380059D3CA /* Frameworks */ = {
			isa = PBXFrameworksBuildPhase;
			buildActionMask = 2147483647;
			files = (
			);
			runOnlyForDeploymentPostprocessing = 0;
		};
		8AC3B8FA1B834CC30059D3CA /* Frameworks */ = {
			isa = PBXFrameworksBuildPhase;
			buildActionMask = 2147483647;
			files = (
			);
			runOnlyForDeploymentPostprocessing = 0;
		};
		8AC3B93A1B83525C0059D3CA /* Frameworks */ = {
			isa = PBXFrameworksBuildPhase;
			buildActionMask = 2147483647;
			files = (
				8AC3B94D1B8354030059D3CA /* libSeedsLibrary.a in Frameworks */,
				8AC3B93C1B83525C0059D3CA /* CoreData.framework in Frameworks */,
				8AC3B93D1B83525C0059D3CA /* CoreTelephony.framework in Frameworks */,
			);
			runOnlyForDeploymentPostprocessing = 0;
		};
/* End PBXFrameworksBuildPhase section */

/* Begin PBXGroup section */
		7ED393BA1BA698E500890DE3 /* Tests */ = {
			isa = PBXGroup;
			children = (
				7ED393CF1BA6D48A00890DE3 /* TestViewController */,
				7ED393BD1BA698E500890DE3 /* SeedsSDK_Tests.m */,
				7ED393BB1BA698E500890DE3 /* Supporting Files */,
				C47793D11D52297300E4FCC6 /* SeedsTest.m */,
				C467A2D91D54A37D00E2DCDC /* SeedsInterstitialAdsTest.m */,
				C467A2DB1D54B20700E2DCDC /* SeedsConnectionQueueTest.m */,
				C467A2DD1D54C97400E2DCDC /* SeedsEventQueueTest.m */,
				C467A2DF1D54D30700E2DCDC /* SeedsEventTest.m */,
			);
			path = Tests;
			sourceTree = "<group>";
		};
		7ED393BB1BA698E500890DE3 /* Supporting Files */ = {
			isa = PBXGroup;
			children = (
				7ED393BC1BA698E500890DE3 /* Info.plist */,
			);
			name = "Supporting Files";
			sourceTree = "<group>";
		};
		7ED393CF1BA6D48A00890DE3 /* TestViewController */ = {
			isa = PBXGroup;
			children = (
				7ED393CC1BA6AF9100890DE3 /* TestViewController.h */,
				7ED393CD1BA6AF9100890DE3 /* TestViewController.m */,
			);
			name = TestViewController;
			sourceTree = "<group>";
		};
		8A50838F1B7CAD6100A6CF52 = {
			isa = PBXGroup;
			children = (
				C4DC5E051D5A24A70097DEC1 /* circle.yml */,
				8A3EF95B1B843D7E0025254B /* BuildUnity3D.sh */,
				8A7C95D71C7ED35100409025 /* BuildFramework.sh */,
				8A7C95D81C7ED35100409025 /* SeedsSDK.podspec */,
				8A7C95D91C7ED35100409025 /* README.md */,
				8A5084241B7CAE4E00A6CF52 /* SDK */,
				7ED393BA1BA698E500890DE3 /* Tests */,
				8AC3B8DE1B8340410059D3CA /* Frameworks */,
				8A5083D81B7CAE0700A6CF52 /* Demo */,
				8A50839C1B7CADAB00A6CF52 /* Products */,
			);
			sourceTree = "<group>";
		};
		8A50839C1B7CADAB00A6CF52 /* Products */ = {
			isa = PBXGroup;
			children = (
				8A50839B1B7CADAB00A6CF52 /* SeedsSDK.framework */,
				8AC3B8F21B834C380059D3CA /* SeedsResources.bundle */,
				8AC3B8FD1B834CC30059D3CA /* libSeedsLibrary.a */,
				8A5083D71B7CAE0700A6CF52 /* SeedsDemo_EmbeddedFramework.app */,
				8AC3B9451B83525C0059D3CA /* SeedsDemo_Legacy.app */,
				7ED393B91BA698E500890DE3 /* SeedsSDK Tests.xctest */,
			);
			name = Products;
			sourceTree = "<group>";
		};
		8A5083D81B7CAE0700A6CF52 /* Demo */ = {
			isa = PBXGroup;
			children = (
				8A5083DD1B7CAE0700A6CF52 /* AppDelegate.h */,
				8A5083DE1B7CAE0700A6CF52 /* AppDelegate.m */,
				8A5083E01B7CAE0700A6CF52 /* ViewController.h */,
				8A5083E11B7CAE0700A6CF52 /* ViewController.m */,
				8A5083E31B7CAE0700A6CF52 /* Main.storyboard */,
				8A5083E61B7CAE0700A6CF52 /* Images.xcassets */,
				8A5083E81B7CAE0700A6CF52 /* LaunchScreen.xib */,
				8A5083D91B7CAE0700A6CF52 /* Supporting Files */,
			);
			path = Demo;
			sourceTree = "<group>";
		};
		8A5083D91B7CAE0700A6CF52 /* Supporting Files */ = {
			isa = PBXGroup;
			children = (
				8AC3B94C1B83538F0059D3CA /* Info-EmbeddedFramework.plist */,
				8A5083DA1B7CAE0700A6CF52 /* Info-Legacy.plist */,
				8A5083DB1B7CAE0700A6CF52 /* main.m */,
			);
			name = "Supporting Files";
			sourceTree = "<group>";
		};
		8A5084241B7CAE4E00A6CF52 /* SDK */ = {
			isa = PBXGroup;
			children = (
				8A5084B51B7CB44600A6CF52 /* SeedsSDK.h */,
				8A5084341B7CAF2D00A6CF52 /* InAppMessaging */,
				8A5084251B7CAF2300A6CF52 /* Seeds_OpenUDID.h */,
				8A5084261B7CAF2300A6CF52 /* Seeds_OpenUDID.m */,
				8A5084291B7CAF2300A6CF52 /* Seeds.xcdatamodeld */,
				8A50842B1B7CAF2300A6CF52 /* SeedsDB.h */,
				8A50842C1B7CAF2300A6CF52 /* SeedsDB.m */,
				8A7D3B381B7E07B300440CC8 /* SeedsInAppMessageDelegate.h */,
				8A5084361B7CAF6500A6CF52 /* LICENSE */,
				8AC3B94F1B8354DA0059D3CA /* ResourcesBundleInfo.plist */,
				8A50839F1B7CADAB00A6CF52 /* EmbeddedFrameworkInfo.plist */,
				C47793D71D533E1500E4FCC6 /* Seeds.h */,
				C47793D51D533D6600E4FCC6 /* Seeds.m */,
				C47793DA1D534F8200E4FCC6 /* SeedsDeviceInfo.h */,
				C47793D81D534E9400E4FCC6 /* SeedsDeviceInfo.m */,
				C47793DB1D537D1E00E4FCC6 /* SeedsUserDetails.h */,
				C47793DC1D537D7200E4FCC6 /* SeedsUserDetails.m */,
				C47793E01D537F6F00E4FCC6 /* SeedsEvent.h */,
				C47793DE1D537EE100E4FCC6 /* SeedsEvent.m */,
				C47793E11D5390CF00E4FCC6 /* SeedsEventQueue.h */,
				C47793E21D53912C00E4FCC6 /* SeedsEventQueue.m */,
				C47793E61D5394CE00E4FCC6 /* SeedsUrlFormatter.h */,
				C47793E41D5393AF00E4FCC6 /* SeedsUrlFormatter.m */,
				C47793E71D53975200E4FCC6 /* SeedsConnectionQueue.h */,
				C47793E81D53978000E4FCC6 /* SeedsConnectionQueue.m */,
				C47793EC1D539C2D00E4FCC6 /* SeedsInterstitialAds.h */,
				C47793EA1D539BE600E4FCC6 /* SeedsInterstitialAds.m */,
			);
			path = SDK;
			sourceTree = "<group>";
		};
		8A5084341B7CAF2D00A6CF52 /* InAppMessaging */ = {
			isa = PBXGroup;
			children = (
				8A5084351B7CAF3D00A6CF52 /* CustomEvents */,
				8A5084381B7CAF7B00A6CF52 /* LICENSE */,
				8A5084391B7CAF7B00A6CF52 /* MFRedirectChecker.h */,
				8A50843A1B7CAF7B00A6CF52 /* MFRedirectChecker.m */,
				8A50843B1B7CAF7B00A6CF52 /* MobFoxAdBrowserViewController.h */,
				8A50843C1B7CAF7B00A6CF52 /* MobFoxAdBrowserViewController.m */,
				8A50843F1B7CAF7B00A6CF52 /* MobFoxHTMLBannerView.h */,
				8A5084401B7CAF7B00A6CF52 /* MobFoxHTMLBannerView.m */,
				8A5084411B7CAF7B00A6CF52 /* MobFoxInterstitialPlayerViewController.h */,
				8A5084421B7CAF7B00A6CF52 /* MobFoxInterstitialPlayerViewController.m */,
				8A5084451B7CAF7B00A6CF52 /* MobFoxToolBar.h */,
				8A5084461B7CAF7B00A6CF52 /* MobFoxToolBar.m */,
				8A5084471B7CAF7B00A6CF52 /* MobFoxVideoInterstitialViewController.h */,
				8A5084481B7CAF7B00A6CF52 /* MobFoxVideoInterstitialViewController.m */,
				8A5084491B7CAF7B00A6CF52 /* NOTICE */,
				8A50844C1B7CAF7B00A6CF52 /* NSString+MobFox.h */,
				8A50844D1B7CAF7B00A6CF52 /* NSString+MobFox.m */,
				8A50844E1B7CAF7B00A6CF52 /* NSURL+MobFox.h */,
				8A50844F1B7CAF7B00A6CF52 /* NSURL+MobFox.m */,
				8A5084501B7CAF7B00A6CF52 /* UIButton+MobFox.h */,
				8A5084511B7CAF7B00A6CF52 /* UIButton+MobFox.m */,
				8A5084521B7CAF7B00A6CF52 /* UIDevice+MFIdentifierAddition.h */,
				8A5084531B7CAF7B00A6CF52 /* UIDevice+MFIdentifierAddition.m */,
				8A5084541B7CAF7B00A6CF52 /* UIImage+MobFox.h */,
				8A5084551B7CAF7B00A6CF52 /* UIImage+MobFox.m */,
				8A5084561B7CAF7B00A6CF52 /* UIView+FindViewController.h */,
				8A5084571B7CAF7B00A6CF52 /* UIView+FindViewController.m */,
				8A0FCBF71D1D7C2C00AE396B /* SKProductHelper.h */,
				8A0FCBFB1D1D7CA200AE396B /* SKProductHelper.m */,
			);
			path = InAppMessaging;
			sourceTree = "<group>";
		};
		8A5084351B7CAF3D00A6CF52 /* CustomEvents */ = {
			isa = PBXGroup;
			children = (
				8A5084781B7CAF9300A6CF52 /* MFCustomEventBanner.h */,
				8A5084791B7CAF9300A6CF52 /* MFCustomEventBanner.m */,
				8A50847A1B7CAF9300A6CF52 /* MFCustomEventBannerDelegate.h */,
				8A50847B1B7CAF9300A6CF52 /* MFCustomEventFullscreen.h */,
				8A50847C1B7CAF9300A6CF52 /* MFCustomEventFullscreen.m */,
				8A50847D1B7CAF9300A6CF52 /* MFCustomEventFullscreenDelegate.h */,
			);
			path = CustomEvents;
			sourceTree = "<group>";
		};
		8AC3B8DE1B8340410059D3CA /* Frameworks */ = {
			isa = PBXGroup;
			children = (
				C47793D31D522BC500E4FCC6 /* libOCMock.a */,
				8AC3B8DF1B83406E0059D3CA /* CoreTelephony.framework */,
				8AC3B8DC1B83403A0059D3CA /* CoreData.framework */,
			);
			name = Frameworks;
			sourceTree = "<group>";
		};
/* End PBXGroup section */

/* Begin PBXHeadersBuildPhase section */
		8A5083981B7CADAB00A6CF52 /* Headers */ = {
			isa = PBXHeadersBuildPhase;
			buildActionMask = 2147483647;
			files = (
				8A5084761B7CAF7B00A6CF52 /* UIView+FindViewController.h in Headers */,
				8A7D3B391B7E07B300440CC8 /* SeedsInAppMessageDelegate.h in Headers */,
				8A5084651B7CAF7B00A6CF52 /* MobFoxToolBar.h in Headers */,
				8A5084831B7CAF9300A6CF52 /* MFCustomEventFullscreenDelegate.h in Headers */,
				C467A2D81D54887300E2DCDC /* SeedsSDK.h in Headers */,
				8A50845B1B7CAF7B00A6CF52 /* MobFoxAdBrowserViewController.h in Headers */,
				8A50847E1B7CAF9300A6CF52 /* MFCustomEventBanner.h in Headers */,
				8A5084321B7CAF2300A6CF52 /* SeedsDB.h in Headers */,
				8A5084611B7CAF7B00A6CF52 /* MobFoxInterstitialPlayerViewController.h in Headers */,
				C467A2D71D54884200E2DCDC /* Seeds.h in Headers */,
				8A5084701B7CAF7B00A6CF52 /* UIButton+MobFox.h in Headers */,
				8A50846C1B7CAF7B00A6CF52 /* NSString+MobFox.h in Headers */,
				8A50845F1B7CAF7B00A6CF52 /* MobFoxHTMLBannerView.h in Headers */,
				8A5084591B7CAF7B00A6CF52 /* MFRedirectChecker.h in Headers */,
				8A0FCBF81D1D7C2C00AE396B /* SKProductHelper.h in Headers */,
				8A50846E1B7CAF7B00A6CF52 /* NSURL+MobFox.h in Headers */,
				8A5084671B7CAF7B00A6CF52 /* MobFoxVideoInterstitialViewController.h in Headers */,
				8A5084741B7CAF7B00A6CF52 /* UIImage+MobFox.h in Headers */,
				8A5084721B7CAF7B00A6CF52 /* UIDevice+MFIdentifierAddition.h in Headers */,
				8A50842D1B7CAF2300A6CF52 /* Seeds_OpenUDID.h in Headers */,
				8A5084811B7CAF9300A6CF52 /* MFCustomEventFullscreen.h in Headers */,
				8A5084801B7CAF9300A6CF52 /* MFCustomEventBannerDelegate.h in Headers */,
			);
			runOnlyForDeploymentPostprocessing = 0;
		};
/* End PBXHeadersBuildPhase section */

/* Begin PBXNativeTarget section */
		7ED393B81BA698E500890DE3 /* SeedsSDK Tests */ = {
			isa = PBXNativeTarget;
			buildConfigurationList = 7ED393C21BA698E500890DE3 /* Build configuration list for PBXNativeTarget "SeedsSDK Tests" */;
			buildPhases = (
				7ED393B51BA698E500890DE3 /* Sources */,
				7ED393B61BA698E500890DE3 /* Frameworks */,
				7ED393B71BA698E500890DE3 /* Resources */,
			);
			buildRules = (
			);
			dependencies = (
				7ED393C11BA698E500890DE3 /* PBXTargetDependency */,
				8A628DD31BA6DD8700CB77E6 /* PBXTargetDependency */,
			);
			name = "SeedsSDK Tests";
			productName = "SeedsSDK Tests";
			productReference = 7ED393B91BA698E500890DE3 /* SeedsSDK Tests.xctest */;
			productType = "com.apple.product-type.bundle.unit-test";
		};
		8A50839A1B7CADAB00A6CF52 /* SeedsSDK */ = {
			isa = PBXNativeTarget;
			buildConfigurationList = 8A5083B31B7CADAB00A6CF52 /* Build configuration list for PBXNativeTarget "SeedsSDK" */;
			buildPhases = (
				8A5083961B7CADAB00A6CF52 /* Sources */,
				8A5083971B7CADAB00A6CF52 /* Frameworks */,
				8A5083981B7CADAB00A6CF52 /* Headers */,
				8A5083991B7CADAB00A6CF52 /* Resources */,
			);
			buildRules = (
			);
			dependencies = (
			);
			name = SeedsSDK;
			productName = "iOS SDK";
			productReference = 8A50839B1B7CADAB00A6CF52 /* SeedsSDK.framework */;
			productType = "com.apple.product-type.framework";
		};
		8A5083D61B7CAE0700A6CF52 /* SeedsDemo_EmbeddedFramework */ = {
			isa = PBXNativeTarget;
			buildConfigurationList = 8A5083F71B7CAE0800A6CF52 /* Build configuration list for PBXNativeTarget "SeedsDemo_EmbeddedFramework" */;
			buildPhases = (
				8A5083D31B7CAE0700A6CF52 /* Sources */,
				8A5083D41B7CAE0700A6CF52 /* Frameworks */,
				8A5083D51B7CAE0700A6CF52 /* Resources */,
				8AC3B94B1B8352EA0059D3CA /* Embed Frameworks */,
			);
			buildRules = (
			);
			dependencies = (
				8AC3B94A1B8352E90059D3CA /* PBXTargetDependency */,
			);
			name = SeedsDemo_EmbeddedFramework;
			productName = SeedsDemo;
			productReference = 8A5083D71B7CAE0700A6CF52 /* SeedsDemo_EmbeddedFramework.app */;
			productType = "com.apple.product-type.application";
		};
		8AC3B8F11B834C380059D3CA /* SeedsResources */ = {
			isa = PBXNativeTarget;
			buildConfigurationList = 8AC3B8F61B834C380059D3CA /* Build configuration list for PBXNativeTarget "SeedsResources" */;
			buildPhases = (
				8AC3B8EE1B834C380059D3CA /* Sources */,
				8AC3B8EF1B834C380059D3CA /* Frameworks */,
				8AC3B8F01B834C380059D3CA /* Resources */,
			);
			buildRules = (
			);
			dependencies = (
			);
			name = SeedsResources;
			productName = SeedsResources;
			productReference = 8AC3B8F21B834C380059D3CA /* SeedsResources.bundle */;
			productType = "com.apple.product-type.bundle";
		};
		8AC3B8FC1B834CC30059D3CA /* SeedsLibrary */ = {
			isa = PBXNativeTarget;
			buildConfigurationList = 8AC3B90E1B834CC30059D3CA /* Build configuration list for PBXNativeTarget "SeedsLibrary" */;
			buildPhases = (
				8AC3B8F91B834CC30059D3CA /* Sources */,
				8AC3B8FA1B834CC30059D3CA /* Frameworks */,
				8AC3B8FB1B834CC30059D3CA /* CopyFiles */,
			);
			buildRules = (
			);
			dependencies = (
			);
			name = SeedsLibrary;
			productName = SeedsLibrary;
			productReference = 8AC3B8FD1B834CC30059D3CA /* libSeedsLibrary.a */;
			productType = "com.apple.product-type.library.static";
		};
		8AC3B9351B83525C0059D3CA /* SeedsDemo_Legacy */ = {
			isa = PBXNativeTarget;
			buildConfigurationList = 8AC3B9421B83525C0059D3CA /* Build configuration list for PBXNativeTarget "SeedsDemo_Legacy" */;
			buildPhases = (
				8AC3B9361B83525C0059D3CA /* Sources */,
				8AC3B93A1B83525C0059D3CA /* Frameworks */,
				8AC3B93E1B83525C0059D3CA /* Resources */,
			);
			buildRules = (
			);
			dependencies = (
				8AC3B9521B8356BC0059D3CA /* PBXTargetDependency */,
				8AC3B9541B8356BC0059D3CA /* PBXTargetDependency */,
			);
			name = SeedsDemo_Legacy;
			productName = SeedsDemo;
			productReference = 8AC3B9451B83525C0059D3CA /* SeedsDemo_Legacy.app */;
			productType = "com.apple.product-type.application";
		};
/* End PBXNativeTarget section */

/* Begin PBXProject section */
		8A5083901B7CAD6100A6CF52 /* Project object */ = {
			isa = PBXProject;
			attributes = {
				LastUpgradeCheck = 0730;
				TargetAttributes = {
					7ED393B81BA698E500890DE3 = {
						CreatedOnToolsVersion = 6.4;
						TestTargetID = 8A5083D61B7CAE0700A6CF52;
					};
					8A3EF9511B843D160025254B = {
						CreatedOnToolsVersion = 6.4;
					};
					8A50839A1B7CADAB00A6CF52 = {
						CreatedOnToolsVersion = 6.4;
					};
					8A5083D61B7CAE0700A6CF52 = {
						CreatedOnToolsVersion = 6.4;
					};
					8AC3B8F11B834C380059D3CA = {
						CreatedOnToolsVersion = 6.4;
					};
					8AC3B8FC1B834CC30059D3CA = {
						CreatedOnToolsVersion = 6.4;
					};
				};
			};
			buildConfigurationList = 8A5083931B7CAD6100A6CF52 /* Build configuration list for PBXProject "Seeds" */;
			compatibilityVersion = "Xcode 3.2";
			developmentRegion = English;
			hasScannedForEncodings = 0;
			knownRegions = (
				en,
				Base,
			);
			mainGroup = 8A50838F1B7CAD6100A6CF52;
			productRefGroup = 8A50839C1B7CADAB00A6CF52 /* Products */;
			projectDirPath = "";
			projectRoot = "";
			targets = (
				8A50839A1B7CADAB00A6CF52 /* SeedsSDK */,
				8AC3B8F11B834C380059D3CA /* SeedsResources */,
				8AC3B8FC1B834CC30059D3CA /* SeedsLibrary */,
				8A5083D61B7CAE0700A6CF52 /* SeedsDemo_EmbeddedFramework */,
				8AC3B9351B83525C0059D3CA /* SeedsDemo_Legacy */,
				8A3EF9511B843D160025254B /* Unity3D */,
				7ED393B81BA698E500890DE3 /* SeedsSDK Tests */,
			);
		};
/* End PBXProject section */

/* Begin PBXResourcesBuildPhase section */
		7ED393B71BA698E500890DE3 /* Resources */ = {
			isa = PBXResourcesBuildPhase;
			buildActionMask = 2147483647;
			files = (
			);
			runOnlyForDeploymentPostprocessing = 0;
		};
		8A5083991B7CADAB00A6CF52 /* Resources */ = {
			isa = PBXResourcesBuildPhase;
			buildActionMask = 2147483647;
			files = (
				C4DC5E061D5A24A70097DEC1 /* circle.yml in Resources */,
			);
			runOnlyForDeploymentPostprocessing = 0;
		};
		8A5083D51B7CAE0700A6CF52 /* Resources */ = {
			isa = PBXResourcesBuildPhase;
			buildActionMask = 2147483647;
			files = (
				8A5083E51B7CAE0700A6CF52 /* Main.storyboard in Resources */,
				8A5083EA1B7CAE0700A6CF52 /* LaunchScreen.xib in Resources */,
				8A5083E71B7CAE0700A6CF52 /* Images.xcassets in Resources */,
			);
			runOnlyForDeploymentPostprocessing = 0;
		};
		8AC3B8F01B834C380059D3CA /* Resources */ = {
			isa = PBXResourcesBuildPhase;
			buildActionMask = 2147483647;
			files = (
			);
			runOnlyForDeploymentPostprocessing = 0;
		};
		8AC3B93E1B83525C0059D3CA /* Resources */ = {
			isa = PBXResourcesBuildPhase;
			buildActionMask = 2147483647;
			files = (
				8AC3B93F1B83525C0059D3CA /* Main.storyboard in Resources */,
				8AC3B9401B83525C0059D3CA /* LaunchScreen.xib in Resources */,
				8AC3B9411B83525C0059D3CA /* Images.xcassets in Resources */,
				8AC3B9501B8355120059D3CA /* SeedsResources.bundle in Resources */,
			);
			runOnlyForDeploymentPostprocessing = 0;
		};
/* End PBXResourcesBuildPhase section */

/* Begin PBXShellScriptBuildPhase section */
		8A3EF95A1B843D5A0025254B /* ShellScript */ = {
			isa = PBXShellScriptBuildPhase;
			buildActionMask = 2147483647;
			files = (
			);
			inputPaths = (
			);
			outputPaths = (
			);
			runOnlyForDeploymentPostprocessing = 0;
			shellPath = /bin/sh;
			shellScript = "\"$PROJECT_DIR/BuildUnity3D.sh\"";
		};
/* End PBXShellScriptBuildPhase section */

/* Begin PBXSourcesBuildPhase section */
		7ED393B51BA698E500890DE3 /* Sources */ = {
			isa = PBXSourcesBuildPhase;
			buildActionMask = 2147483647;
			files = (
				7ED393CE1BA6AF9100890DE3 /* TestViewController.m in Sources */,
				C467A2E01D54D30700E2DCDC /* SeedsEventTest.m in Sources */,
				C467A2DA1D54A37D00E2DCDC /* SeedsInterstitialAdsTest.m in Sources */,
				7ED393BE1BA698E500890DE3 /* SeedsSDK_Tests.m in Sources */,
				C467A2DE1D54C97400E2DCDC /* SeedsEventQueueTest.m in Sources */,
				C47793D21D52297300E4FCC6 /* SeedsTest.m in Sources */,
				C467A2DC1D54B20700E2DCDC /* SeedsConnectionQueueTest.m in Sources */,
			);
			runOnlyForDeploymentPostprocessing = 0;
		};
		8A5083961B7CADAB00A6CF52 /* Sources */ = {
			isa = PBXSourcesBuildPhase;
			buildActionMask = 2147483647;
			files = (
				C47793E91D53978000E4FCC6 /* SeedsConnectionQueue.m in Sources */,
				C47793DD1D537D7200E4FCC6 /* SeedsUserDetails.m in Sources */,
				8A5084771B7CAF7B00A6CF52 /* UIView+FindViewController.m in Sources */,
				8A5084661B7CAF7B00A6CF52 /* MobFoxToolBar.m in Sources */,
				8A5084311B7CAF2300A6CF52 /* Seeds.xcdatamodeld in Sources */,
				C47793DF1D537EE100E4FCC6 /* SeedsEvent.m in Sources */,
				8A50846D1B7CAF7B00A6CF52 /* NSString+MobFox.m in Sources */,
				8A5084621B7CAF7B00A6CF52 /* MobFoxInterstitialPlayerViewController.m in Sources */,
				8A5084601B7CAF7B00A6CF52 /* MobFoxHTMLBannerView.m in Sources */,
				C47793E51D5393AF00E4FCC6 /* SeedsUrlFormatter.m in Sources */,
				8A50846F1B7CAF7B00A6CF52 /* NSURL+MobFox.m in Sources */,
				8A5084331B7CAF2300A6CF52 /* SeedsDB.m in Sources */,
				8A50847F1B7CAF9300A6CF52 /* MFCustomEventBanner.m in Sources */,
				8A5084681B7CAF7B00A6CF52 /* MobFoxVideoInterstitialViewController.m in Sources */,
				C47793D61D533D6600E4FCC6 /* Seeds.m in Sources */,
				C47793EB1D539BE600E4FCC6 /* SeedsInterstitialAds.m in Sources */,
				8A0FCBFC1D1D7CA200AE396B /* SKProductHelper.m in Sources */,
				8A5084751B7CAF7B00A6CF52 /* UIImage+MobFox.m in Sources */,
				C47793D91D534E9400E4FCC6 /* SeedsDeviceInfo.m in Sources */,
				8A50845C1B7CAF7B00A6CF52 /* MobFoxAdBrowserViewController.m in Sources */,
				8A5084711B7CAF7B00A6CF52 /* UIButton+MobFox.m in Sources */,
				8A5084731B7CAF7B00A6CF52 /* UIDevice+MFIdentifierAddition.m in Sources */,
				8A50845A1B7CAF7B00A6CF52 /* MFRedirectChecker.m in Sources */,
				8A5084821B7CAF9300A6CF52 /* MFCustomEventFullscreen.m in Sources */,
				8A50842E1B7CAF2300A6CF52 /* Seeds_OpenUDID.m in Sources */,
				C47793E31D53912C00E4FCC6 /* SeedsEventQueue.m in Sources */,
			);
			runOnlyForDeploymentPostprocessing = 0;
		};
		8A5083D31B7CAE0700A6CF52 /* Sources */ = {
			isa = PBXSourcesBuildPhase;
			buildActionMask = 2147483647;
			files = (
				8A5083E21B7CAE0700A6CF52 /* ViewController.m in Sources */,
				8A5083DF1B7CAE0700A6CF52 /* AppDelegate.m in Sources */,
				8A5083DC1B7CAE0700A6CF52 /* main.m in Sources */,
			);
			runOnlyForDeploymentPostprocessing = 0;
		};
		8AC3B8EE1B834C380059D3CA /* Sources */ = {
			isa = PBXSourcesBuildPhase;
			buildActionMask = 2147483647;
			files = (
				8AC3B9141B834CE80059D3CA /* Seeds.xcdatamodeld in Sources */,
			);
			runOnlyForDeploymentPostprocessing = 0;
		};
		8AC3B8F91B834CC30059D3CA /* Sources */ = {
			isa = PBXSourcesBuildPhase;
			buildActionMask = 2147483647;
			files = (
				8AC3B9261B834D720059D3CA /* MobFoxHTMLBannerView.m in Sources */,
				8AC3B9291B834D720059D3CA /* MobFoxVideoInterstitialViewController.m in Sources */,
				8AC3B92C1B834D720059D3CA /* UIButton+MobFox.m in Sources */,
				8AC3B92E1B834D720059D3CA /* UIImage+MobFox.m in Sources */,
				8AC3B9281B834D720059D3CA /* MobFoxToolBar.m in Sources */,
				8AC3B9331B834D790059D3CA /* MFCustomEventBanner.m in Sources */,
				8AC3B92B1B834D720059D3CA /* NSURL+MobFox.m in Sources */,
				8AC3B92F1B834D720059D3CA /* UIView+FindViewController.m in Sources */,
				8AC3B9301B834D720059D3CA /* Seeds_OpenUDID.m in Sources */,
				8AC3B9341B834D790059D3CA /* MFCustomEventFullscreen.m in Sources */,
				8AC3B92D1B834D720059D3CA /* UIDevice+MFIdentifierAddition.m in Sources */,
				8AC3B9241B834D720059D3CA /* MFRedirectChecker.m in Sources */,
				8AC3B9321B834D720059D3CA /* SeedsDB.m in Sources */,
				8AC3B92A1B834D720059D3CA /* NSString+MobFox.m in Sources */,
				8A0FCBFD1D1D7CA200AE396B /* SKProductHelper.m in Sources */,
				8AC3B9271B834D720059D3CA /* MobFoxInterstitialPlayerViewController.m in Sources */,
				8AC3B9251B834D720059D3CA /* MobFoxAdBrowserViewController.m in Sources */,
			);
			runOnlyForDeploymentPostprocessing = 0;
		};
		8AC3B9361B83525C0059D3CA /* Sources */ = {
			isa = PBXSourcesBuildPhase;
			buildActionMask = 2147483647;
			files = (
				8AC3B9371B83525C0059D3CA /* ViewController.m in Sources */,
				8AC3B9381B83525C0059D3CA /* AppDelegate.m in Sources */,
				8AC3B9391B83525C0059D3CA /* main.m in Sources */,
			);
			runOnlyForDeploymentPostprocessing = 0;
		};
/* End PBXSourcesBuildPhase section */

/* Begin PBXTargetDependency section */
		7ED393C11BA698E500890DE3 /* PBXTargetDependency */ = {
			isa = PBXTargetDependency;
			target = 8A50839A1B7CADAB00A6CF52 /* SeedsSDK */;
			targetProxy = 7ED393C01BA698E500890DE3 /* PBXContainerItemProxy */;
		};
		8A628DD31BA6DD8700CB77E6 /* PBXTargetDependency */ = {
			isa = PBXTargetDependency;
			target = 8A5083D61B7CAE0700A6CF52 /* SeedsDemo_EmbeddedFramework */;
			targetProxy = 8A628DD21BA6DD8700CB77E6 /* PBXContainerItemProxy */;
		};
		8AC3B94A1B8352E90059D3CA /* PBXTargetDependency */ = {
			isa = PBXTargetDependency;
			target = 8A50839A1B7CADAB00A6CF52 /* SeedsSDK */;
			targetProxy = 8AC3B9491B8352E90059D3CA /* PBXContainerItemProxy */;
		};
		8AC3B9521B8356BC0059D3CA /* PBXTargetDependency */ = {
			isa = PBXTargetDependency;
			target = 8AC3B8F11B834C380059D3CA /* SeedsResources */;
			targetProxy = 8AC3B9511B8356BC0059D3CA /* PBXContainerItemProxy */;
		};
		8AC3B9541B8356BC0059D3CA /* PBXTargetDependency */ = {
			isa = PBXTargetDependency;
			target = 8AC3B8FC1B834CC30059D3CA /* SeedsLibrary */;
			targetProxy = 8AC3B9531B8356BC0059D3CA /* PBXContainerItemProxy */;
		};
/* End PBXTargetDependency section */

/* Begin PBXVariantGroup section */
		8A5083E31B7CAE0700A6CF52 /* Main.storyboard */ = {
			isa = PBXVariantGroup;
			children = (
				8A5083E41B7CAE0700A6CF52 /* Base */,
			);
			name = Main.storyboard;
			sourceTree = "<group>";
		};
		8A5083E81B7CAE0700A6CF52 /* LaunchScreen.xib */ = {
			isa = PBXVariantGroup;
			children = (
				8A5083E91B7CAE0700A6CF52 /* Base */,
			);
			name = LaunchScreen.xib;
			sourceTree = "<group>";
		};
/* End PBXVariantGroup section */

/* Begin XCBuildConfiguration section */
		7ED393C31BA698E500890DE3 /* Debug */ = {
			isa = XCBuildConfiguration;
			buildSettings = {
				ALWAYS_SEARCH_USER_PATHS = NO;
				BUNDLE_LOADER = "$(TEST_HOST)";
				CLANG_CXX_LANGUAGE_STANDARD = "gnu++0x";
				CLANG_CXX_LIBRARY = "libc++";
				CLANG_ENABLE_MODULES = YES;
				CLANG_ENABLE_OBJC_ARC = YES;
				CLANG_WARN_BOOL_CONVERSION = YES;
				CLANG_WARN_CONSTANT_CONVERSION = YES;
				CLANG_WARN_DIRECT_OBJC_ISA_USAGE = YES_ERROR;
				CLANG_WARN_EMPTY_BODY = YES;
				CLANG_WARN_ENUM_CONVERSION = YES;
				CLANG_WARN_INT_CONVERSION = YES;
				CLANG_WARN_OBJC_ROOT_CLASS = YES_ERROR;
				CLANG_WARN_UNREACHABLE_CODE = YES;
				CLANG_WARN__DUPLICATE_METHOD_MATCH = YES;
				COPY_PHASE_STRIP = NO;
				DEBUG_INFORMATION_FORMAT = "dwarf-with-dsym";
				ENABLE_STRICT_OBJC_MSGSEND = YES;
				FRAMEWORK_SEARCH_PATHS = (
					"$(SDKROOT)/Developer/Library/Frameworks",
					"$(inherited)",
				);
				GCC_C_LANGUAGE_STANDARD = gnu99;
				GCC_DYNAMIC_NO_PIC = NO;
				GCC_NO_COMMON_BLOCKS = YES;
				GCC_OPTIMIZATION_LEVEL = 0;
				GCC_PREPROCESSOR_DEFINITIONS = (
					"DEBUG=1",
					"$(inherited)",
				);
				GCC_SYMBOLS_PRIVATE_EXTERN = NO;
				GCC_WARN_64_TO_32_BIT_CONVERSION = YES;
				GCC_WARN_ABOUT_RETURN_TYPE = YES_ERROR;
				GCC_WARN_UNDECLARED_SELECTOR = YES;
				GCC_WARN_UNINITIALIZED_AUTOS = YES_AGGRESSIVE;
				GCC_WARN_UNUSED_FUNCTION = YES;
				GCC_WARN_UNUSED_VARIABLE = YES;
				HEADER_SEARCH_PATHS = "$(PROJECT_DIR)/usr/include";
				INFOPLIST_FILE = Tests/Info.plist;
				IPHONEOS_DEPLOYMENT_TARGET = 8.4;
				LD_RUNPATH_SEARCH_PATHS = "$(inherited) @executable_path/Frameworks @loader_path/Frameworks";
				LIBRARY_SEARCH_PATHS = (
					"$(inherited)",
					"$(PROJECT_DIR)/usr/lib",
				);
				MTL_ENABLE_DEBUG_INFO = YES;
				ONLY_ACTIVE_ARCH = YES;
				OTHER_LDFLAGS = "-ObjC";
				PRODUCT_BUNDLE_IDENTIFIER = "com.rk.$(PRODUCT_NAME:rfc1034identifier)";
				PRODUCT_NAME = "$(TARGET_NAME)";
				SDKROOT = iphoneos;
				TEST_HOST = "$(BUILT_PRODUCTS_DIR)/SeedsDemo_EmbeddedFramework.app/SeedsDemo_EmbeddedFramework";
			};
			name = Debug;
		};
		7ED393C41BA698E500890DE3 /* Release */ = {
			isa = XCBuildConfiguration;
			buildSettings = {
				ALWAYS_SEARCH_USER_PATHS = NO;
				BUNDLE_LOADER = "$(TEST_HOST)";
				CLANG_CXX_LANGUAGE_STANDARD = "gnu++0x";
				CLANG_CXX_LIBRARY = "libc++";
				CLANG_ENABLE_MODULES = YES;
				CLANG_ENABLE_OBJC_ARC = YES;
				CLANG_WARN_BOOL_CONVERSION = YES;
				CLANG_WARN_CONSTANT_CONVERSION = YES;
				CLANG_WARN_DIRECT_OBJC_ISA_USAGE = YES_ERROR;
				CLANG_WARN_EMPTY_BODY = YES;
				CLANG_WARN_ENUM_CONVERSION = YES;
				CLANG_WARN_INT_CONVERSION = YES;
				CLANG_WARN_OBJC_ROOT_CLASS = YES_ERROR;
				CLANG_WARN_UNREACHABLE_CODE = YES;
				CLANG_WARN__DUPLICATE_METHOD_MATCH = YES;
				COPY_PHASE_STRIP = NO;
				DEBUG_INFORMATION_FORMAT = "dwarf-with-dsym";
				ENABLE_NS_ASSERTIONS = NO;
				ENABLE_STRICT_OBJC_MSGSEND = YES;
				FRAMEWORK_SEARCH_PATHS = (
					"$(SDKROOT)/Developer/Library/Frameworks",
					"$(inherited)",
				);
				GCC_C_LANGUAGE_STANDARD = gnu99;
				GCC_NO_COMMON_BLOCKS = YES;
				GCC_WARN_64_TO_32_BIT_CONVERSION = YES;
				GCC_WARN_ABOUT_RETURN_TYPE = YES_ERROR;
				GCC_WARN_UNDECLARED_SELECTOR = YES;
				GCC_WARN_UNINITIALIZED_AUTOS = YES_AGGRESSIVE;
				GCC_WARN_UNUSED_FUNCTION = YES;
				GCC_WARN_UNUSED_VARIABLE = YES;
				HEADER_SEARCH_PATHS = "$(PROJECT_DIR)/usr/include";
				INFOPLIST_FILE = Tests/Info.plist;
				IPHONEOS_DEPLOYMENT_TARGET = 8.4;
				LD_RUNPATH_SEARCH_PATHS = "$(inherited) @executable_path/Frameworks @loader_path/Frameworks";
				LIBRARY_SEARCH_PATHS = (
					"$(inherited)",
					"$(PROJECT_DIR)/usr/lib",
				);
				MTL_ENABLE_DEBUG_INFO = NO;
				OTHER_LDFLAGS = "-ObjC";
				PRODUCT_BUNDLE_IDENTIFIER = "com.rk.$(PRODUCT_NAME:rfc1034identifier)";
				PRODUCT_NAME = "$(TARGET_NAME)";
				SDKROOT = iphoneos;
				TEST_HOST = "$(BUILT_PRODUCTS_DIR)/SeedsDemo_EmbeddedFramework.app/SeedsDemo_EmbeddedFramework";
				VALIDATE_PRODUCT = YES;
			};
			name = Release;
		};
		8A3EF9521B843D160025254B /* Debug */ = {
			isa = XCBuildConfiguration;
			buildSettings = {
				PRODUCT_NAME = "$(TARGET_NAME)";
			};
			name = Debug;
		};
		8A3EF9531B843D160025254B /* Release */ = {
			isa = XCBuildConfiguration;
			buildSettings = {
				PRODUCT_NAME = "$(TARGET_NAME)";
			};
			name = Release;
		};
		8A5083941B7CAD6100A6CF52 /* Debug */ = {
			isa = XCBuildConfiguration;
			buildSettings = {
				ALWAYS_SEARCH_USER_PATHS = NO;
				ENABLE_TESTABILITY = YES;
				HEADER_SEARCH_PATHS = "";
				ONLY_ACTIVE_ARCH = YES;
			};
			name = Debug;
		};
		8A5083951B7CAD6100A6CF52 /* Release */ = {
			isa = XCBuildConfiguration;
			buildSettings = {
				ALWAYS_SEARCH_USER_PATHS = NO;
				HEADER_SEARCH_PATHS = "";
			};
			name = Release;
		};
		8A5083AF1B7CADAB00A6CF52 /* Debug */ = {
			isa = XCBuildConfiguration;
			buildSettings = {
				ALWAYS_SEARCH_USER_PATHS = NO;
				CLANG_CXX_LANGUAGE_STANDARD = "gnu++0x";
				CLANG_CXX_LIBRARY = "libc++";
				CLANG_ENABLE_MODULES = YES;
				CLANG_ENABLE_OBJC_ARC = YES;
				CLANG_WARN_BOOL_CONVERSION = YES;
				CLANG_WARN_CONSTANT_CONVERSION = YES;
				CLANG_WARN_DIRECT_OBJC_ISA_USAGE = YES_ERROR;
				CLANG_WARN_EMPTY_BODY = YES;
				CLANG_WARN_ENUM_CONVERSION = YES;
				CLANG_WARN_INT_CONVERSION = YES;
				CLANG_WARN_OBJC_ROOT_CLASS = YES_ERROR;
				CLANG_WARN_UNREACHABLE_CODE = YES;
				CLANG_WARN__DUPLICATE_METHOD_MATCH = YES;
				"CODE_SIGN_IDENTITY[sdk=iphoneos*]" = "iPhone Developer";
				COPY_PHASE_STRIP = NO;
				CURRENT_PROJECT_VERSION = 1;
				DEBUG_INFORMATION_FORMAT = "dwarf-with-dsym";
				DEFINES_MODULE = YES;
				DYLIB_COMPATIBILITY_VERSION = 1;
				DYLIB_CURRENT_VERSION = 1;
				DYLIB_INSTALL_NAME_BASE = "@rpath";
				ENABLE_STRICT_OBJC_MSGSEND = YES;
				GCC_C_LANGUAGE_STANDARD = gnu99;
				GCC_DYNAMIC_NO_PIC = NO;
				GCC_GENERATE_TEST_COVERAGE_FILES = NO;
				GCC_INSTRUMENT_PROGRAM_FLOW_ARCS = NO;
				GCC_NO_COMMON_BLOCKS = YES;
				GCC_OPTIMIZATION_LEVEL = 0;
				GCC_PREPROCESSOR_DEFINITIONS = (
					"DEBUG=1",
					"$(inherited)",
				);
				GCC_SYMBOLS_PRIVATE_EXTERN = NO;
				GCC_WARN_64_TO_32_BIT_CONVERSION = YES;
				GCC_WARN_ABOUT_RETURN_TYPE = YES_ERROR;
				GCC_WARN_UNDECLARED_SELECTOR = YES;
				GCC_WARN_UNINITIALIZED_AUTOS = YES_AGGRESSIVE;
				GCC_WARN_UNUSED_FUNCTION = YES;
				GCC_WARN_UNUSED_VARIABLE = YES;
				INFOPLIST_FILE = "$(SRCROOT)/SDK/EmbeddedFrameworkInfo.plist";
				INSTALL_PATH = "$(LOCAL_LIBRARY_DIR)/Frameworks";
				IPHONEOS_DEPLOYMENT_TARGET = 8.0;
				LD_RUNPATH_SEARCH_PATHS = "$(inherited) @executable_path/Frameworks @loader_path/Frameworks";
				MTL_ENABLE_DEBUG_INFO = YES;
				ONLY_ACTIVE_ARCH = YES;
				PRODUCT_BUNDLE_IDENTIFIER = "com.playseeds.ios.$(PRODUCT_NAME:rfc1034identifier)";
				PRODUCT_NAME = "$(TARGET_NAME)";
				SDKROOT = iphoneos;
				SKIP_INSTALL = YES;
				TARGETED_DEVICE_FAMILY = "1,2";
				VERSIONING_SYSTEM = "apple-generic";
				VERSION_INFO_PREFIX = "";
			};
			name = Debug;
		};
		8A5083B01B7CADAB00A6CF52 /* Release */ = {
			isa = XCBuildConfiguration;
			buildSettings = {
				ALWAYS_SEARCH_USER_PATHS = NO;
				CLANG_CXX_LANGUAGE_STANDARD = "gnu++0x";
				CLANG_CXX_LIBRARY = "libc++";
				CLANG_ENABLE_MODULES = YES;
				CLANG_ENABLE_OBJC_ARC = YES;
				CLANG_WARN_BOOL_CONVERSION = YES;
				CLANG_WARN_CONSTANT_CONVERSION = YES;
				CLANG_WARN_DIRECT_OBJC_ISA_USAGE = YES_ERROR;
				CLANG_WARN_EMPTY_BODY = YES;
				CLANG_WARN_ENUM_CONVERSION = YES;
				CLANG_WARN_INT_CONVERSION = YES;
				CLANG_WARN_OBJC_ROOT_CLASS = YES_ERROR;
				CLANG_WARN_UNREACHABLE_CODE = YES;
				CLANG_WARN__DUPLICATE_METHOD_MATCH = YES;
				"CODE_SIGN_IDENTITY[sdk=iphoneos*]" = "iPhone Developer";
				COPY_PHASE_STRIP = NO;
				CURRENT_PROJECT_VERSION = 1;
				DEBUG_INFORMATION_FORMAT = "dwarf-with-dsym";
				DEFINES_MODULE = YES;
				DYLIB_COMPATIBILITY_VERSION = 1;
				DYLIB_CURRENT_VERSION = 1;
				DYLIB_INSTALL_NAME_BASE = "@rpath";
				ENABLE_NS_ASSERTIONS = NO;
				ENABLE_STRICT_OBJC_MSGSEND = YES;
				GCC_C_LANGUAGE_STANDARD = gnu99;
				GCC_GENERATE_TEST_COVERAGE_FILES = NO;
				GCC_INSTRUMENT_PROGRAM_FLOW_ARCS = NO;
				GCC_NO_COMMON_BLOCKS = YES;
				GCC_WARN_64_TO_32_BIT_CONVERSION = YES;
				GCC_WARN_ABOUT_RETURN_TYPE = YES_ERROR;
				GCC_WARN_UNDECLARED_SELECTOR = YES;
				GCC_WARN_UNINITIALIZED_AUTOS = YES_AGGRESSIVE;
				GCC_WARN_UNUSED_FUNCTION = YES;
				GCC_WARN_UNUSED_VARIABLE = YES;
				INFOPLIST_FILE = "$(SRCROOT)/SDK/EmbeddedFrameworkInfo.plist";
				INSTALL_PATH = "$(LOCAL_LIBRARY_DIR)/Frameworks";
				IPHONEOS_DEPLOYMENT_TARGET = 8.0;
				LD_RUNPATH_SEARCH_PATHS = "$(inherited) @executable_path/Frameworks @loader_path/Frameworks";
				MTL_ENABLE_DEBUG_INFO = NO;
				PRODUCT_BUNDLE_IDENTIFIER = "com.playseeds.ios.$(PRODUCT_NAME:rfc1034identifier)";
				PRODUCT_NAME = "$(TARGET_NAME)";
				SDKROOT = iphoneos;
				SKIP_INSTALL = YES;
				TARGETED_DEVICE_FAMILY = "1,2";
				VALIDATE_PRODUCT = YES;
				VERSIONING_SYSTEM = "apple-generic";
				VERSION_INFO_PREFIX = "";
			};
			name = Release;
		};
		8A5083F81B7CAE0800A6CF52 /* Debug */ = {
			isa = XCBuildConfiguration;
			buildSettings = {
				ALWAYS_SEARCH_USER_PATHS = NO;
				ASSETCATALOG_COMPILER_APPICON_NAME = AppIcon;
				CLANG_CXX_LANGUAGE_STANDARD = "gnu++0x";
				CLANG_CXX_LIBRARY = "libc++";
				CLANG_ENABLE_MODULES = YES;
				CLANG_ENABLE_OBJC_ARC = YES;
				CLANG_WARN_BOOL_CONVERSION = YES;
				CLANG_WARN_CONSTANT_CONVERSION = YES;
				CLANG_WARN_DIRECT_OBJC_ISA_USAGE = YES_ERROR;
				CLANG_WARN_EMPTY_BODY = YES;
				CLANG_WARN_ENUM_CONVERSION = YES;
				CLANG_WARN_INT_CONVERSION = YES;
				CLANG_WARN_OBJC_ROOT_CLASS = YES_ERROR;
				CLANG_WARN_UNREACHABLE_CODE = YES;
				CLANG_WARN__DUPLICATE_METHOD_MATCH = YES;
				"CODE_SIGN_IDENTITY[sdk=iphoneos*]" = "iPhone Developer";
				COPY_PHASE_STRIP = NO;
				DEBUG_INFORMATION_FORMAT = "dwarf-with-dsym";
				ENABLE_STRICT_OBJC_MSGSEND = YES;
				GCC_C_LANGUAGE_STANDARD = gnu99;
				GCC_DYNAMIC_NO_PIC = NO;
				GCC_GENERATE_TEST_COVERAGE_FILES = NO;
				GCC_INSTRUMENT_PROGRAM_FLOW_ARCS = NO;
				GCC_NO_COMMON_BLOCKS = YES;
				GCC_OPTIMIZATION_LEVEL = 0;
				GCC_PREPROCESSOR_DEFINITIONS = (
					"DEBUG=1",
					"$(inherited)",
				);
				GCC_SYMBOLS_PRIVATE_EXTERN = NO;
				GCC_WARN_64_TO_32_BIT_CONVERSION = YES;
				GCC_WARN_ABOUT_RETURN_TYPE = YES_ERROR;
				GCC_WARN_UNDECLARED_SELECTOR = YES;
				GCC_WARN_UNINITIALIZED_AUTOS = YES_AGGRESSIVE;
				GCC_WARN_UNUSED_FUNCTION = YES;
				GCC_WARN_UNUSED_VARIABLE = YES;
				INFOPLIST_FILE = "$(SRCROOT)/Demo/Info-EmbeddedFramework.plist";
				IPHONEOS_DEPLOYMENT_TARGET = 8.4;
				LD_RUNPATH_SEARCH_PATHS = "$(inherited) @executable_path/Frameworks";
				MTL_ENABLE_DEBUG_INFO = YES;
				ONLY_ACTIVE_ARCH = YES;
				PRODUCT_BUNDLE_IDENTIFIER = "com.playseeds.ios$(PRODUCT_NAME:rfc1034identifier)";
				PRODUCT_NAME = "$(TARGET_NAME)";
				SDKROOT = iphoneos;
				TARGETED_DEVICE_FAMILY = "1,2";
			};
			name = Debug;
		};
		8A5083F91B7CAE0800A6CF52 /* Release */ = {
			isa = XCBuildConfiguration;
			buildSettings = {
				ALWAYS_SEARCH_USER_PATHS = NO;
				ASSETCATALOG_COMPILER_APPICON_NAME = AppIcon;
				CLANG_CXX_LANGUAGE_STANDARD = "gnu++0x";
				CLANG_CXX_LIBRARY = "libc++";
				CLANG_ENABLE_MODULES = YES;
				CLANG_ENABLE_OBJC_ARC = YES;
				CLANG_WARN_BOOL_CONVERSION = YES;
				CLANG_WARN_CONSTANT_CONVERSION = YES;
				CLANG_WARN_DIRECT_OBJC_ISA_USAGE = YES_ERROR;
				CLANG_WARN_EMPTY_BODY = YES;
				CLANG_WARN_ENUM_CONVERSION = YES;
				CLANG_WARN_INT_CONVERSION = YES;
				CLANG_WARN_OBJC_ROOT_CLASS = YES_ERROR;
				CLANG_WARN_UNREACHABLE_CODE = YES;
				CLANG_WARN__DUPLICATE_METHOD_MATCH = YES;
				"CODE_SIGN_IDENTITY[sdk=iphoneos*]" = "iPhone Developer";
				COPY_PHASE_STRIP = NO;
				DEBUG_INFORMATION_FORMAT = "dwarf-with-dsym";
				ENABLE_NS_ASSERTIONS = NO;
				ENABLE_STRICT_OBJC_MSGSEND = YES;
				GCC_C_LANGUAGE_STANDARD = gnu99;
				GCC_GENERATE_TEST_COVERAGE_FILES = NO;
				GCC_INSTRUMENT_PROGRAM_FLOW_ARCS = NO;
				GCC_NO_COMMON_BLOCKS = YES;
				GCC_WARN_64_TO_32_BIT_CONVERSION = YES;
				GCC_WARN_ABOUT_RETURN_TYPE = YES_ERROR;
				GCC_WARN_UNDECLARED_SELECTOR = YES;
				GCC_WARN_UNINITIALIZED_AUTOS = YES_AGGRESSIVE;
				GCC_WARN_UNUSED_FUNCTION = YES;
				GCC_WARN_UNUSED_VARIABLE = YES;
				INFOPLIST_FILE = "$(SRCROOT)/Demo/Info-EmbeddedFramework.plist";
				IPHONEOS_DEPLOYMENT_TARGET = 8.4;
				LD_RUNPATH_SEARCH_PATHS = "$(inherited) @executable_path/Frameworks";
				MTL_ENABLE_DEBUG_INFO = NO;
				PRODUCT_BUNDLE_IDENTIFIER = "com.playseeds.ios$(PRODUCT_NAME:rfc1034identifier)";
				PRODUCT_NAME = "$(TARGET_NAME)";
				SDKROOT = iphoneos;
				TARGETED_DEVICE_FAMILY = "1,2";
				VALIDATE_PRODUCT = YES;
			};
			name = Release;
		};
		8AC3B8F71B834C380059D3CA /* Debug */ = {
			isa = XCBuildConfiguration;
			buildSettings = {
				ALWAYS_SEARCH_USER_PATHS = NO;
				CLANG_CXX_LANGUAGE_STANDARD = "gnu++0x";
				CLANG_CXX_LIBRARY = "libc++";
				CLANG_ENABLE_MODULES = YES;
				CLANG_ENABLE_OBJC_ARC = YES;
				CLANG_WARN_BOOL_CONVERSION = YES;
				CLANG_WARN_CONSTANT_CONVERSION = YES;
				CLANG_WARN_DIRECT_OBJC_ISA_USAGE = YES_ERROR;
				CLANG_WARN_EMPTY_BODY = YES;
				CLANG_WARN_ENUM_CONVERSION = YES;
				CLANG_WARN_INT_CONVERSION = YES;
				CLANG_WARN_OBJC_ROOT_CLASS = YES_ERROR;
				CLANG_WARN_UNREACHABLE_CODE = YES;
				CLANG_WARN__DUPLICATE_METHOD_MATCH = YES;
				COMBINE_HIDPI_IMAGES = YES;
				COPY_PHASE_STRIP = NO;
				DEBUG_INFORMATION_FORMAT = dwarf;
				ENABLE_STRICT_OBJC_MSGSEND = YES;
				GCC_C_LANGUAGE_STANDARD = gnu99;
				GCC_DYNAMIC_NO_PIC = NO;
				GCC_NO_COMMON_BLOCKS = YES;
				GCC_OPTIMIZATION_LEVEL = 0;
				GCC_PREPROCESSOR_DEFINITIONS = (
					"DEBUG=1",
					"$(inherited)",
				);
				GCC_SYMBOLS_PRIVATE_EXTERN = NO;
				GCC_WARN_64_TO_32_BIT_CONVERSION = YES;
				GCC_WARN_ABOUT_RETURN_TYPE = YES_ERROR;
				GCC_WARN_UNDECLARED_SELECTOR = YES;
				GCC_WARN_UNINITIALIZED_AUTOS = YES_AGGRESSIVE;
				GCC_WARN_UNUSED_FUNCTION = YES;
				GCC_WARN_UNUSED_VARIABLE = YES;
				INFOPLIST_FILE = SDK/ResourcesBundleInfo.plist;
				INSTALL_PATH = "$(LOCAL_LIBRARY_DIR)/Bundles";
				MACOSX_DEPLOYMENT_TARGET = 10.10;
				MTL_ENABLE_DEBUG_INFO = YES;
				ONLY_ACTIVE_ARCH = YES;
				PRODUCT_BUNDLE_IDENTIFIER = "com.playseeds.$(PRODUCT_NAME:rfc1034identifier)";
				PRODUCT_NAME = "$(TARGET_NAME)";
				SDKROOT = macosx;
				SKIP_INSTALL = YES;
				WRAPPER_EXTENSION = bundle;
			};
			name = Debug;
		};
		8AC3B8F81B834C380059D3CA /* Release */ = {
			isa = XCBuildConfiguration;
			buildSettings = {
				ALWAYS_SEARCH_USER_PATHS = NO;
				CLANG_CXX_LANGUAGE_STANDARD = "gnu++0x";
				CLANG_CXX_LIBRARY = "libc++";
				CLANG_ENABLE_MODULES = YES;
				CLANG_ENABLE_OBJC_ARC = YES;
				CLANG_WARN_BOOL_CONVERSION = YES;
				CLANG_WARN_CONSTANT_CONVERSION = YES;
				CLANG_WARN_DIRECT_OBJC_ISA_USAGE = YES_ERROR;
				CLANG_WARN_EMPTY_BODY = YES;
				CLANG_WARN_ENUM_CONVERSION = YES;
				CLANG_WARN_INT_CONVERSION = YES;
				CLANG_WARN_OBJC_ROOT_CLASS = YES_ERROR;
				CLANG_WARN_UNREACHABLE_CODE = YES;
				CLANG_WARN__DUPLICATE_METHOD_MATCH = YES;
				COMBINE_HIDPI_IMAGES = YES;
				COPY_PHASE_STRIP = NO;
				DEBUG_INFORMATION_FORMAT = "dwarf-with-dsym";
				ENABLE_NS_ASSERTIONS = NO;
				ENABLE_STRICT_OBJC_MSGSEND = YES;
				GCC_C_LANGUAGE_STANDARD = gnu99;
				GCC_NO_COMMON_BLOCKS = YES;
				GCC_WARN_64_TO_32_BIT_CONVERSION = YES;
				GCC_WARN_ABOUT_RETURN_TYPE = YES_ERROR;
				GCC_WARN_UNDECLARED_SELECTOR = YES;
				GCC_WARN_UNINITIALIZED_AUTOS = YES_AGGRESSIVE;
				GCC_WARN_UNUSED_FUNCTION = YES;
				GCC_WARN_UNUSED_VARIABLE = YES;
				INFOPLIST_FILE = SDK/ResourcesBundleInfo.plist;
				INSTALL_PATH = "$(LOCAL_LIBRARY_DIR)/Bundles";
				MACOSX_DEPLOYMENT_TARGET = 10.10;
				MTL_ENABLE_DEBUG_INFO = NO;
				PRODUCT_BUNDLE_IDENTIFIER = "com.playseeds.$(PRODUCT_NAME:rfc1034identifier)";
				PRODUCT_NAME = "$(TARGET_NAME)";
				SDKROOT = macosx;
				SKIP_INSTALL = YES;
				WRAPPER_EXTENSION = bundle;
			};
			name = Release;
		};
		8AC3B90F1B834CC30059D3CA /* Debug */ = {
			isa = XCBuildConfiguration;
			buildSettings = {
				ALWAYS_SEARCH_USER_PATHS = NO;
				CLANG_CXX_LANGUAGE_STANDARD = "gnu++0x";
				CLANG_CXX_LIBRARY = "libc++";
				CLANG_ENABLE_MODULES = YES;
				CLANG_ENABLE_OBJC_ARC = YES;
				CLANG_WARN_BOOL_CONVERSION = YES;
				CLANG_WARN_CONSTANT_CONVERSION = YES;
				CLANG_WARN_DIRECT_OBJC_ISA_USAGE = YES_ERROR;
				CLANG_WARN_EMPTY_BODY = YES;
				CLANG_WARN_ENUM_CONVERSION = YES;
				CLANG_WARN_INT_CONVERSION = YES;
				CLANG_WARN_OBJC_ROOT_CLASS = YES_ERROR;
				CLANG_WARN_UNREACHABLE_CODE = YES;
				CLANG_WARN__DUPLICATE_METHOD_MATCH = YES;
				COPY_PHASE_STRIP = NO;
				DEBUG_INFORMATION_FORMAT = "dwarf-with-dsym";
				ENABLE_STRICT_OBJC_MSGSEND = YES;
				GCC_C_LANGUAGE_STANDARD = gnu99;
				GCC_DYNAMIC_NO_PIC = NO;
				GCC_NO_COMMON_BLOCKS = YES;
				GCC_OPTIMIZATION_LEVEL = 0;
				GCC_PREPROCESSOR_DEFINITIONS = (
					"DEBUG=1",
					"$(inherited)",
				);
				GCC_SYMBOLS_PRIVATE_EXTERN = NO;
				GCC_WARN_64_TO_32_BIT_CONVERSION = YES;
				GCC_WARN_ABOUT_RETURN_TYPE = YES_ERROR;
				GCC_WARN_UNDECLARED_SELECTOR = YES;
				GCC_WARN_UNINITIALIZED_AUTOS = YES_AGGRESSIVE;
				GCC_WARN_UNUSED_FUNCTION = YES;
				GCC_WARN_UNUSED_VARIABLE = YES;
				IPHONEOS_DEPLOYMENT_TARGET = 8.4;
				MTL_ENABLE_DEBUG_INFO = YES;
				ONLY_ACTIVE_ARCH = YES;
				OTHER_LDFLAGS = "-ObjC";
				PRODUCT_NAME = "$(TARGET_NAME)";
				SDKROOT = iphoneos;
				SKIP_INSTALL = YES;
			};
			name = Debug;
		};
		8AC3B9101B834CC30059D3CA /* Release */ = {
			isa = XCBuildConfiguration;
			buildSettings = {
				ALWAYS_SEARCH_USER_PATHS = NO;
				CLANG_CXX_LANGUAGE_STANDARD = "gnu++0x";
				CLANG_CXX_LIBRARY = "libc++";
				CLANG_ENABLE_MODULES = YES;
				CLANG_ENABLE_OBJC_ARC = YES;
				CLANG_WARN_BOOL_CONVERSION = YES;
				CLANG_WARN_CONSTANT_CONVERSION = YES;
				CLANG_WARN_DIRECT_OBJC_ISA_USAGE = YES_ERROR;
				CLANG_WARN_EMPTY_BODY = YES;
				CLANG_WARN_ENUM_CONVERSION = YES;
				CLANG_WARN_INT_CONVERSION = YES;
				CLANG_WARN_OBJC_ROOT_CLASS = YES_ERROR;
				CLANG_WARN_UNREACHABLE_CODE = YES;
				CLANG_WARN__DUPLICATE_METHOD_MATCH = YES;
				COPY_PHASE_STRIP = NO;
				DEBUG_INFORMATION_FORMAT = "dwarf-with-dsym";
				ENABLE_NS_ASSERTIONS = NO;
				ENABLE_STRICT_OBJC_MSGSEND = YES;
				GCC_C_LANGUAGE_STANDARD = gnu99;
				GCC_NO_COMMON_BLOCKS = YES;
				GCC_WARN_64_TO_32_BIT_CONVERSION = YES;
				GCC_WARN_ABOUT_RETURN_TYPE = YES_ERROR;
				GCC_WARN_UNDECLARED_SELECTOR = YES;
				GCC_WARN_UNINITIALIZED_AUTOS = YES_AGGRESSIVE;
				GCC_WARN_UNUSED_FUNCTION = YES;
				GCC_WARN_UNUSED_VARIABLE = YES;
				IPHONEOS_DEPLOYMENT_TARGET = 8.4;
				MTL_ENABLE_DEBUG_INFO = NO;
				OTHER_LDFLAGS = "-ObjC";
				PRODUCT_NAME = "$(TARGET_NAME)";
				SDKROOT = iphoneos;
				SKIP_INSTALL = YES;
				VALIDATE_PRODUCT = YES;
			};
			name = Release;
		};
		8AC3B9431B83525C0059D3CA /* Debug */ = {
			isa = XCBuildConfiguration;
			buildSettings = {
				ALWAYS_SEARCH_USER_PATHS = NO;
				ASSETCATALOG_COMPILER_APPICON_NAME = AppIcon;
				CLANG_CXX_LANGUAGE_STANDARD = "gnu++0x";
				CLANG_CXX_LIBRARY = "libc++";
				CLANG_ENABLE_MODULES = YES;
				CLANG_ENABLE_OBJC_ARC = YES;
				CLANG_WARN_BOOL_CONVERSION = YES;
				CLANG_WARN_CONSTANT_CONVERSION = YES;
				CLANG_WARN_DIRECT_OBJC_ISA_USAGE = YES_ERROR;
				CLANG_WARN_EMPTY_BODY = YES;
				CLANG_WARN_ENUM_CONVERSION = YES;
				CLANG_WARN_INT_CONVERSION = YES;
				CLANG_WARN_OBJC_ROOT_CLASS = YES_ERROR;
				CLANG_WARN_UNREACHABLE_CODE = YES;
				CLANG_WARN__DUPLICATE_METHOD_MATCH = YES;
				"CODE_SIGN_IDENTITY[sdk=iphoneos*]" = "iPhone Developer";
				COPY_PHASE_STRIP = NO;
				DEBUG_INFORMATION_FORMAT = "dwarf-with-dsym";
				ENABLE_STRICT_OBJC_MSGSEND = YES;
				GCC_C_LANGUAGE_STANDARD = gnu99;
				GCC_DYNAMIC_NO_PIC = NO;
				GCC_NO_COMMON_BLOCKS = YES;
				GCC_OPTIMIZATION_LEVEL = 0;
				GCC_PREPROCESSOR_DEFINITIONS = (
					"DEBUG=1",
					"$(inherited)",
				);
				GCC_SYMBOLS_PRIVATE_EXTERN = NO;
				GCC_WARN_64_TO_32_BIT_CONVERSION = YES;
				GCC_WARN_ABOUT_RETURN_TYPE = YES_ERROR;
				GCC_WARN_UNDECLARED_SELECTOR = YES;
				GCC_WARN_UNINITIALIZED_AUTOS = YES_AGGRESSIVE;
				GCC_WARN_UNUSED_FUNCTION = YES;
				GCC_WARN_UNUSED_VARIABLE = YES;
				INFOPLIST_FILE = "$(SRCROOT)/Demo/Info-Legacy.plist";
				IPHONEOS_DEPLOYMENT_TARGET = 6.0;
				LD_RUNPATH_SEARCH_PATHS = "$(inherited) @executable_path/Frameworks";
				MTL_ENABLE_DEBUG_INFO = YES;
				ONLY_ACTIVE_ARCH = YES;
				OTHER_LDFLAGS = (
					"$(OTHER_LDFLAGS)",
					"-ObjC",
				);
				PRODUCT_BUNDLE_IDENTIFIER = "com.playseeds.ios$(PRODUCT_NAME:rfc1034identifier)";
				PRODUCT_NAME = "$(TARGET_NAME)";
				SDKROOT = iphoneos;
				TARGETED_DEVICE_FAMILY = "1,2";
			};
			name = Debug;
		};
		8AC3B9441B83525C0059D3CA /* Release */ = {
			isa = XCBuildConfiguration;
			buildSettings = {
				ALWAYS_SEARCH_USER_PATHS = NO;
				ASSETCATALOG_COMPILER_APPICON_NAME = AppIcon;
				CLANG_CXX_LANGUAGE_STANDARD = "gnu++0x";
				CLANG_CXX_LIBRARY = "libc++";
				CLANG_ENABLE_MODULES = YES;
				CLANG_ENABLE_OBJC_ARC = YES;
				CLANG_WARN_BOOL_CONVERSION = YES;
				CLANG_WARN_CONSTANT_CONVERSION = YES;
				CLANG_WARN_DIRECT_OBJC_ISA_USAGE = YES_ERROR;
				CLANG_WARN_EMPTY_BODY = YES;
				CLANG_WARN_ENUM_CONVERSION = YES;
				CLANG_WARN_INT_CONVERSION = YES;
				CLANG_WARN_OBJC_ROOT_CLASS = YES_ERROR;
				CLANG_WARN_UNREACHABLE_CODE = YES;
				CLANG_WARN__DUPLICATE_METHOD_MATCH = YES;
				"CODE_SIGN_IDENTITY[sdk=iphoneos*]" = "iPhone Developer";
				COPY_PHASE_STRIP = NO;
				DEBUG_INFORMATION_FORMAT = "dwarf-with-dsym";
				ENABLE_NS_ASSERTIONS = NO;
				ENABLE_STRICT_OBJC_MSGSEND = YES;
				GCC_C_LANGUAGE_STANDARD = gnu99;
				GCC_NO_COMMON_BLOCKS = YES;
				GCC_WARN_64_TO_32_BIT_CONVERSION = YES;
				GCC_WARN_ABOUT_RETURN_TYPE = YES_ERROR;
				GCC_WARN_UNDECLARED_SELECTOR = YES;
				GCC_WARN_UNINITIALIZED_AUTOS = YES_AGGRESSIVE;
				GCC_WARN_UNUSED_FUNCTION = YES;
				GCC_WARN_UNUSED_VARIABLE = YES;
				INFOPLIST_FILE = "$(SRCROOT)/Demo/Info-Legacy.plist";
				IPHONEOS_DEPLOYMENT_TARGET = 6.0;
				LD_RUNPATH_SEARCH_PATHS = "$(inherited) @executable_path/Frameworks";
				MTL_ENABLE_DEBUG_INFO = NO;
				OTHER_LDFLAGS = (
					"$(OTHER_LDFLAGS)",
					"-ObjC",
				);
				PRODUCT_BUNDLE_IDENTIFIER = "com.playseeds.ios$(PRODUCT_NAME:rfc1034identifier)";
				PRODUCT_NAME = "$(TARGET_NAME)";
				SDKROOT = iphoneos;
				TARGETED_DEVICE_FAMILY = "1,2";
				VALIDATE_PRODUCT = YES;
			};
			name = Release;
		};
/* End XCBuildConfiguration section */

/* Begin XCConfigurationList section */
		7ED393C21BA698E500890DE3 /* Build configuration list for PBXNativeTarget "SeedsSDK Tests" */ = {
			isa = XCConfigurationList;
			buildConfigurations = (
				7ED393C31BA698E500890DE3 /* Debug */,
				7ED393C41BA698E500890DE3 /* Release */,
			);
			defaultConfigurationIsVisible = 0;
			defaultConfigurationName = Release;
		};
		8A3EF9541B843D160025254B /* Build configuration list for PBXAggregateTarget "Unity3D" */ = {
			isa = XCConfigurationList;
			buildConfigurations = (
				8A3EF9521B843D160025254B /* Debug */,
				8A3EF9531B843D160025254B /* Release */,
			);
			defaultConfigurationIsVisible = 0;
			defaultConfigurationName = Release;
		};
		8A5083931B7CAD6100A6CF52 /* Build configuration list for PBXProject "Seeds" */ = {
			isa = XCConfigurationList;
			buildConfigurations = (
				8A5083941B7CAD6100A6CF52 /* Debug */,
				8A5083951B7CAD6100A6CF52 /* Release */,
			);
			defaultConfigurationIsVisible = 0;
			defaultConfigurationName = Release;
		};
		8A5083B31B7CADAB00A6CF52 /* Build configuration list for PBXNativeTarget "SeedsSDK" */ = {
			isa = XCConfigurationList;
			buildConfigurations = (
				8A5083AF1B7CADAB00A6CF52 /* Debug */,
				8A5083B01B7CADAB00A6CF52 /* Release */,
			);
			defaultConfigurationIsVisible = 0;
			defaultConfigurationName = Release;
		};
		8A5083F71B7CAE0800A6CF52 /* Build configuration list for PBXNativeTarget "SeedsDemo_EmbeddedFramework" */ = {
			isa = XCConfigurationList;
			buildConfigurations = (
				8A5083F81B7CAE0800A6CF52 /* Debug */,
				8A5083F91B7CAE0800A6CF52 /* Release */,
			);
			defaultConfigurationIsVisible = 0;
			defaultConfigurationName = Release;
		};
		8AC3B8F61B834C380059D3CA /* Build configuration list for PBXNativeTarget "SeedsResources" */ = {
			isa = XCConfigurationList;
			buildConfigurations = (
				8AC3B8F71B834C380059D3CA /* Debug */,
				8AC3B8F81B834C380059D3CA /* Release */,
			);
			defaultConfigurationIsVisible = 0;
			defaultConfigurationName = Release;
		};
		8AC3B90E1B834CC30059D3CA /* Build configuration list for PBXNativeTarget "SeedsLibrary" */ = {
			isa = XCConfigurationList;
			buildConfigurations = (
				8AC3B90F1B834CC30059D3CA /* Debug */,
				8AC3B9101B834CC30059D3CA /* Release */,
			);
			defaultConfigurationIsVisible = 0;
			defaultConfigurationName = Release;
		};
		8AC3B9421B83525C0059D3CA /* Build configuration list for PBXNativeTarget "SeedsDemo_Legacy" */ = {
			isa = XCConfigurationList;
			buildConfigurations = (
				8AC3B9431B83525C0059D3CA /* Debug */,
				8AC3B9441B83525C0059D3CA /* Release */,
			);
			defaultConfigurationIsVisible = 0;
			defaultConfigurationName = Release;
		};
/* End XCConfigurationList section */

/* Begin XCVersionGroup section */
		8A5084291B7CAF2300A6CF52 /* Seeds.xcdatamodeld */ = {
			isa = XCVersionGroup;
			children = (
				8A50842A1B7CAF2300A6CF52 /* Seeds.xcdatamodel */,
			);
			currentVersion = 8A50842A1B7CAF2300A6CF52 /* Seeds.xcdatamodel */;
			path = Seeds.xcdatamodeld;
			sourceTree = "<group>";
			versionGroupType = wrapper.xcdatamodel;
		};
/* End XCVersionGroup section */
	};
	rootObject = 8A5083901B7CAD6100A6CF52 /* Project object */;
}
