// !$*UTF8*$!
{
	archiveVersion = 1;
	classes = {
	};
	objectVersion = 46;
	objects = {

/* Begin PBXBuildFile section */
		8A5083DC1B7CAE0700A6CF52 /* main.m in Sources */ = {isa = PBXBuildFile; fileRef = 8A5083DB1B7CAE0700A6CF52 /* main.m */; };
		8A5083DF1B7CAE0700A6CF52 /* AppDelegate.m in Sources */ = {isa = PBXBuildFile; fileRef = 8A5083DE1B7CAE0700A6CF52 /* AppDelegate.m */; };
		8A5083E21B7CAE0700A6CF52 /* ViewController.m in Sources */ = {isa = PBXBuildFile; fileRef = 8A5083E11B7CAE0700A6CF52 /* ViewController.m */; };
		8A5083E51B7CAE0700A6CF52 /* Main.storyboard in Resources */ = {isa = PBXBuildFile; fileRef = 8A5083E31B7CAE0700A6CF52 /* Main.storyboard */; };
		8A5083E71B7CAE0700A6CF52 /* Images.xcassets in Resources */ = {isa = PBXBuildFile; fileRef = 8A5083E61B7CAE0700A6CF52 /* Images.xcassets */; };
		8A5083EA1B7CAE0700A6CF52 /* LaunchScreen.xib in Resources */ = {isa = PBXBuildFile; fileRef = 8A5083E81B7CAE0700A6CF52 /* LaunchScreen.xib */; };
		8A50842D1B7CAF2300A6CF52 /* Seeds_OpenUDID.h in Headers */ = {isa = PBXBuildFile; fileRef = 8A5084251B7CAF2300A6CF52 /* Seeds_OpenUDID.h */; };
		8A50842E1B7CAF2300A6CF52 /* Seeds_OpenUDID.m in Sources */ = {isa = PBXBuildFile; fileRef = 8A5084261B7CAF2300A6CF52 /* Seeds_OpenUDID.m */; };
		8A50842F1B7CAF2300A6CF52 /* Seeds.h in Headers */ = {isa = PBXBuildFile; fileRef = 8A5084271B7CAF2300A6CF52 /* Seeds.h */; };
		8A5084301B7CAF2300A6CF52 /* Seeds.m in Sources */ = {isa = PBXBuildFile; fileRef = 8A5084281B7CAF2300A6CF52 /* Seeds.m */; };
		8A5084311B7CAF2300A6CF52 /* Seeds.xcdatamodeld in Sources */ = {isa = PBXBuildFile; fileRef = 8A5084291B7CAF2300A6CF52 /* Seeds.xcdatamodeld */; };
		8A5084321B7CAF2300A6CF52 /* SeedsDB.h in Headers */ = {isa = PBXBuildFile; fileRef = 8A50842B1B7CAF2300A6CF52 /* SeedsDB.h */; };
		8A5084331B7CAF2300A6CF52 /* SeedsDB.m in Sources */ = {isa = PBXBuildFile; fileRef = 8A50842C1B7CAF2300A6CF52 /* SeedsDB.m */; };
		8A5084591B7CAF7B00A6CF52 /* MFRedirectChecker.h in Headers */ = {isa = PBXBuildFile; fileRef = 8A5084391B7CAF7B00A6CF52 /* MFRedirectChecker.h */; };
		8A50845A1B7CAF7B00A6CF52 /* MFRedirectChecker.m in Sources */ = {isa = PBXBuildFile; fileRef = 8A50843A1B7CAF7B00A6CF52 /* MFRedirectChecker.m */; };
		8A50845B1B7CAF7B00A6CF52 /* MobFoxAdBrowserViewController.h in Headers */ = {isa = PBXBuildFile; fileRef = 8A50843B1B7CAF7B00A6CF52 /* MobFoxAdBrowserViewController.h */; };
		8A50845C1B7CAF7B00A6CF52 /* MobFoxAdBrowserViewController.m in Sources */ = {isa = PBXBuildFile; fileRef = 8A50843C1B7CAF7B00A6CF52 /* MobFoxAdBrowserViewController.m */; };
		8A50845F1B7CAF7B00A6CF52 /* MobFoxHTMLBannerView.h in Headers */ = {isa = PBXBuildFile; fileRef = 8A50843F1B7CAF7B00A6CF52 /* MobFoxHTMLBannerView.h */; };
		8A5084601B7CAF7B00A6CF52 /* MobFoxHTMLBannerView.m in Sources */ = {isa = PBXBuildFile; fileRef = 8A5084401B7CAF7B00A6CF52 /* MobFoxHTMLBannerView.m */; };
		8A5084611B7CAF7B00A6CF52 /* MobFoxInterstitialPlayerViewController.h in Headers */ = {isa = PBXBuildFile; fileRef = 8A5084411B7CAF7B00A6CF52 /* MobFoxInterstitialPlayerViewController.h */; };
		8A5084621B7CAF7B00A6CF52 /* MobFoxInterstitialPlayerViewController.m in Sources */ = {isa = PBXBuildFile; fileRef = 8A5084421B7CAF7B00A6CF52 /* MobFoxInterstitialPlayerViewController.m */; };
		8A5084651B7CAF7B00A6CF52 /* MobFoxToolBar.h in Headers */ = {isa = PBXBuildFile; fileRef = 8A5084451B7CAF7B00A6CF52 /* MobFoxToolBar.h */; };
		8A5084661B7CAF7B00A6CF52 /* MobFoxToolBar.m in Sources */ = {isa = PBXBuildFile; fileRef = 8A5084461B7CAF7B00A6CF52 /* MobFoxToolBar.m */; };
		8A5084671B7CAF7B00A6CF52 /* MobFoxVideoInterstitialViewController.h in Headers */ = {isa = PBXBuildFile; fileRef = 8A5084471B7CAF7B00A6CF52 /* MobFoxVideoInterstitialViewController.h */; };
		8A5084681B7CAF7B00A6CF52 /* MobFoxVideoInterstitialViewController.m in Sources */ = {isa = PBXBuildFile; fileRef = 8A5084481B7CAF7B00A6CF52 /* MobFoxVideoInterstitialViewController.m */; };
		8A50846A1B7CAF7B00A6CF52 /* NSBundle+MobFox.h in Headers */ = {isa = PBXBuildFile; fileRef = 8A50844A1B7CAF7B00A6CF52 /* NSBundle+MobFox.h */; };
		8A50846B1B7CAF7B00A6CF52 /* NSBundle+MobFox.m in Sources */ = {isa = PBXBuildFile; fileRef = 8A50844B1B7CAF7B00A6CF52 /* NSBundle+MobFox.m */; };
		8A50846C1B7CAF7B00A6CF52 /* NSString+MobFox.h in Headers */ = {isa = PBXBuildFile; fileRef = 8A50844C1B7CAF7B00A6CF52 /* NSString+MobFox.h */; };
		8A50846D1B7CAF7B00A6CF52 /* NSString+MobFox.m in Sources */ = {isa = PBXBuildFile; fileRef = 8A50844D1B7CAF7B00A6CF52 /* NSString+MobFox.m */; };
		8A50846E1B7CAF7B00A6CF52 /* NSURL+MobFox.h in Headers */ = {isa = PBXBuildFile; fileRef = 8A50844E1B7CAF7B00A6CF52 /* NSURL+MobFox.h */; };
		8A50846F1B7CAF7B00A6CF52 /* NSURL+MobFox.m in Sources */ = {isa = PBXBuildFile; fileRef = 8A50844F1B7CAF7B00A6CF52 /* NSURL+MobFox.m */; };
		8A5084701B7CAF7B00A6CF52 /* UIButton+MobFox.h in Headers */ = {isa = PBXBuildFile; fileRef = 8A5084501B7CAF7B00A6CF52 /* UIButton+MobFox.h */; };
		8A5084711B7CAF7B00A6CF52 /* UIButton+MobFox.m in Sources */ = {isa = PBXBuildFile; fileRef = 8A5084511B7CAF7B00A6CF52 /* UIButton+MobFox.m */; };
		8A5084721B7CAF7B00A6CF52 /* UIDevice+MFIdentifierAddition.h in Headers */ = {isa = PBXBuildFile; fileRef = 8A5084521B7CAF7B00A6CF52 /* UIDevice+MFIdentifierAddition.h */; };
		8A5084731B7CAF7B00A6CF52 /* UIDevice+MFIdentifierAddition.m in Sources */ = {isa = PBXBuildFile; fileRef = 8A5084531B7CAF7B00A6CF52 /* UIDevice+MFIdentifierAddition.m */; };
		8A5084741B7CAF7B00A6CF52 /* UIImage+MobFox.h in Headers */ = {isa = PBXBuildFile; fileRef = 8A5084541B7CAF7B00A6CF52 /* UIImage+MobFox.h */; };
		8A5084751B7CAF7B00A6CF52 /* UIImage+MobFox.m in Sources */ = {isa = PBXBuildFile; fileRef = 8A5084551B7CAF7B00A6CF52 /* UIImage+MobFox.m */; };
		8A5084761B7CAF7B00A6CF52 /* UIView+FindViewController.h in Headers */ = {isa = PBXBuildFile; fileRef = 8A5084561B7CAF7B00A6CF52 /* UIView+FindViewController.h */; };
		8A5084771B7CAF7B00A6CF52 /* UIView+FindViewController.m in Sources */ = {isa = PBXBuildFile; fileRef = 8A5084571B7CAF7B00A6CF52 /* UIView+FindViewController.m */; };
		8A50847E1B7CAF9300A6CF52 /* MFCustomEventBanner.h in Headers */ = {isa = PBXBuildFile; fileRef = 8A5084781B7CAF9300A6CF52 /* MFCustomEventBanner.h */; };
		8A50847F1B7CAF9300A6CF52 /* MFCustomEventBanner.m in Sources */ = {isa = PBXBuildFile; fileRef = 8A5084791B7CAF9300A6CF52 /* MFCustomEventBanner.m */; };
		8A5084801B7CAF9300A6CF52 /* MFCustomEventBannerDelegate.h in Headers */ = {isa = PBXBuildFile; fileRef = 8A50847A1B7CAF9300A6CF52 /* MFCustomEventBannerDelegate.h */; };
		8A5084811B7CAF9300A6CF52 /* MFCustomEventFullscreen.h in Headers */ = {isa = PBXBuildFile; fileRef = 8A50847B1B7CAF9300A6CF52 /* MFCustomEventFullscreen.h */; };
		8A5084821B7CAF9300A6CF52 /* MFCustomEventFullscreen.m in Sources */ = {isa = PBXBuildFile; fileRef = 8A50847C1B7CAF9300A6CF52 /* MFCustomEventFullscreen.m */; };
		8A5084831B7CAF9300A6CF52 /* MFCustomEventFullscreenDelegate.h in Headers */ = {isa = PBXBuildFile; fileRef = 8A50847D1B7CAF9300A6CF52 /* MFCustomEventFullscreenDelegate.h */; };
		8A5084B31B7CB3D300A6CF52 /* SeedsSDK.framework in Frameworks */ = {isa = PBXBuildFile; fileRef = 8A50839B1B7CADAB00A6CF52 /* SeedsSDK.framework */; };
		8A5084B81B7CB88800A6CF52 /* SeedsSDK.h in Headers */ = {isa = PBXBuildFile; fileRef = 8A5084B51B7CB44600A6CF52 /* SeedsSDK.h */; };
		8A7D3B391B7E07B300440CC8 /* SeedsInAppMessageDelegate.h in Headers */ = {isa = PBXBuildFile; fileRef = 8A7D3B381B7E07B300440CC8 /* SeedsInAppMessageDelegate.h */; };
/* End PBXBuildFile section */

/* Begin PBXFileReference section */
		8A50839B1B7CADAB00A6CF52 /* SeedsSDK.framework */ = {isa = PBXFileReference; explicitFileType = wrapper.framework; includeInIndex = 0; path = SeedsSDK.framework; sourceTree = BUILT_PRODUCTS_DIR; };
		8A50839F1B7CADAB00A6CF52 /* Info.plist */ = {isa = PBXFileReference; lastKnownFileType = text.plist.xml; path = Info.plist; sourceTree = "<group>"; };
		8A5083D71B7CAE0700A6CF52 /* SeedsDemo.app */ = {isa = PBXFileReference; explicitFileType = wrapper.application; includeInIndex = 0; path = SeedsDemo.app; sourceTree = BUILT_PRODUCTS_DIR; };
		8A5083DA1B7CAE0700A6CF52 /* Info.plist */ = {isa = PBXFileReference; lastKnownFileType = text.plist.xml; path = Info.plist; sourceTree = "<group>"; };
		8A5083DB1B7CAE0700A6CF52 /* main.m */ = {isa = PBXFileReference; lastKnownFileType = sourcecode.c.objc; path = main.m; sourceTree = "<group>"; };
		8A5083DD1B7CAE0700A6CF52 /* AppDelegate.h */ = {isa = PBXFileReference; lastKnownFileType = sourcecode.c.h; path = AppDelegate.h; sourceTree = "<group>"; };
		8A5083DE1B7CAE0700A6CF52 /* AppDelegate.m */ = {isa = PBXFileReference; lastKnownFileType = sourcecode.c.objc; path = AppDelegate.m; sourceTree = "<group>"; };
		8A5083E01B7CAE0700A6CF52 /* ViewController.h */ = {isa = PBXFileReference; lastKnownFileType = sourcecode.c.h; path = ViewController.h; sourceTree = "<group>"; };
		8A5083E11B7CAE0700A6CF52 /* ViewController.m */ = {isa = PBXFileReference; lastKnownFileType = sourcecode.c.objc; path = ViewController.m; sourceTree = "<group>"; };
		8A5083E41B7CAE0700A6CF52 /* Base */ = {isa = PBXFileReference; lastKnownFileType = file.storyboard; name = Base; path = Base.lproj/Main.storyboard; sourceTree = "<group>"; };
		8A5083E61B7CAE0700A6CF52 /* Images.xcassets */ = {isa = PBXFileReference; lastKnownFileType = folder.assetcatalog; path = Images.xcassets; sourceTree = "<group>"; };
		8A5083E91B7CAE0700A6CF52 /* Base */ = {isa = PBXFileReference; lastKnownFileType = file.xib; name = Base; path = Base.lproj/LaunchScreen.xib; sourceTree = "<group>"; };
		8A5084251B7CAF2300A6CF52 /* Seeds_OpenUDID.h */ = {isa = PBXFileReference; fileEncoding = 4; lastKnownFileType = sourcecode.c.h; path = Seeds_OpenUDID.h; sourceTree = "<group>"; };
		8A5084261B7CAF2300A6CF52 /* Seeds_OpenUDID.m */ = {isa = PBXFileReference; fileEncoding = 4; lastKnownFileType = sourcecode.c.objc; path = Seeds_OpenUDID.m; sourceTree = "<group>"; };
		8A5084271B7CAF2300A6CF52 /* Seeds.h */ = {isa = PBXFileReference; fileEncoding = 4; lastKnownFileType = sourcecode.c.h; path = Seeds.h; sourceTree = "<group>"; };
		8A5084281B7CAF2300A6CF52 /* Seeds.m */ = {isa = PBXFileReference; fileEncoding = 4; lastKnownFileType = sourcecode.c.objc; path = Seeds.m; sourceTree = "<group>"; };
		8A50842A1B7CAF2300A6CF52 /* Seeds.xcdatamodel */ = {isa = PBXFileReference; lastKnownFileType = wrapper.xcdatamodel; path = Seeds.xcdatamodel; sourceTree = "<group>"; };
		8A50842B1B7CAF2300A6CF52 /* SeedsDB.h */ = {isa = PBXFileReference; fileEncoding = 4; lastKnownFileType = sourcecode.c.h; path = SeedsDB.h; sourceTree = "<group>"; };
		8A50842C1B7CAF2300A6CF52 /* SeedsDB.m */ = {isa = PBXFileReference; fileEncoding = 4; lastKnownFileType = sourcecode.c.objc; path = SeedsDB.m; sourceTree = "<group>"; };
		8A5084361B7CAF6500A6CF52 /* LICENSE */ = {isa = PBXFileReference; fileEncoding = 4; lastKnownFileType = text; path = LICENSE; sourceTree = "<group>"; };
		8A5084381B7CAF7B00A6CF52 /* LICENSE */ = {isa = PBXFileReference; fileEncoding = 4; lastKnownFileType = text; path = LICENSE; sourceTree = "<group>"; };
		8A5084391B7CAF7B00A6CF52 /* MFRedirectChecker.h */ = {isa = PBXFileReference; fileEncoding = 4; lastKnownFileType = sourcecode.c.h; path = MFRedirectChecker.h; sourceTree = "<group>"; };
		8A50843A1B7CAF7B00A6CF52 /* MFRedirectChecker.m */ = {isa = PBXFileReference; fileEncoding = 4; lastKnownFileType = sourcecode.c.objc; path = MFRedirectChecker.m; sourceTree = "<group>"; };
		8A50843B1B7CAF7B00A6CF52 /* MobFoxAdBrowserViewController.h */ = {isa = PBXFileReference; fileEncoding = 4; lastKnownFileType = sourcecode.c.h; path = MobFoxAdBrowserViewController.h; sourceTree = "<group>"; };
		8A50843C1B7CAF7B00A6CF52 /* MobFoxAdBrowserViewController.m */ = {isa = PBXFileReference; fileEncoding = 4; lastKnownFileType = sourcecode.c.objc; path = MobFoxAdBrowserViewController.m; sourceTree = "<group>"; };
		8A50843F1B7CAF7B00A6CF52 /* MobFoxHTMLBannerView.h */ = {isa = PBXFileReference; fileEncoding = 4; lastKnownFileType = sourcecode.c.h; path = MobFoxHTMLBannerView.h; sourceTree = "<group>"; };
		8A5084401B7CAF7B00A6CF52 /* MobFoxHTMLBannerView.m */ = {isa = PBXFileReference; fileEncoding = 4; lastKnownFileType = sourcecode.c.objc; path = MobFoxHTMLBannerView.m; sourceTree = "<group>"; };
		8A5084411B7CAF7B00A6CF52 /* MobFoxInterstitialPlayerViewController.h */ = {isa = PBXFileReference; fileEncoding = 4; lastKnownFileType = sourcecode.c.h; path = MobFoxInterstitialPlayerViewController.h; sourceTree = "<group>"; };
		8A5084421B7CAF7B00A6CF52 /* MobFoxInterstitialPlayerViewController.m */ = {isa = PBXFileReference; fileEncoding = 4; lastKnownFileType = sourcecode.c.objc; path = MobFoxInterstitialPlayerViewController.m; sourceTree = "<group>"; };
		8A5084451B7CAF7B00A6CF52 /* MobFoxToolBar.h */ = {isa = PBXFileReference; fileEncoding = 4; lastKnownFileType = sourcecode.c.h; path = MobFoxToolBar.h; sourceTree = "<group>"; };
		8A5084461B7CAF7B00A6CF52 /* MobFoxToolBar.m */ = {isa = PBXFileReference; fileEncoding = 4; lastKnownFileType = sourcecode.c.objc; path = MobFoxToolBar.m; sourceTree = "<group>"; };
		8A5084471B7CAF7B00A6CF52 /* MobFoxVideoInterstitialViewController.h */ = {isa = PBXFileReference; fileEncoding = 4; lastKnownFileType = sourcecode.c.h; path = MobFoxVideoInterstitialViewController.h; sourceTree = "<group>"; };
		8A5084481B7CAF7B00A6CF52 /* MobFoxVideoInterstitialViewController.m */ = {isa = PBXFileReference; fileEncoding = 4; lastKnownFileType = sourcecode.c.objc; path = MobFoxVideoInterstitialViewController.m; sourceTree = "<group>"; };
		8A5084491B7CAF7B00A6CF52 /* NOTICE */ = {isa = PBXFileReference; fileEncoding = 4; lastKnownFileType = text; path = NOTICE; sourceTree = "<group>"; };
		8A50844A1B7CAF7B00A6CF52 /* NSBundle+MobFox.h */ = {isa = PBXFileReference; fileEncoding = 4; lastKnownFileType = sourcecode.c.h; path = "NSBundle+MobFox.h"; sourceTree = "<group>"; };
		8A50844B1B7CAF7B00A6CF52 /* NSBundle+MobFox.m */ = {isa = PBXFileReference; fileEncoding = 4; lastKnownFileType = sourcecode.c.objc; path = "NSBundle+MobFox.m"; sourceTree = "<group>"; };
		8A50844C1B7CAF7B00A6CF52 /* NSString+MobFox.h */ = {isa = PBXFileReference; fileEncoding = 4; lastKnownFileType = sourcecode.c.h; path = "NSString+MobFox.h"; sourceTree = "<group>"; };
		8A50844D1B7CAF7B00A6CF52 /* NSString+MobFox.m */ = {isa = PBXFileReference; fileEncoding = 4; lastKnownFileType = sourcecode.c.objc; path = "NSString+MobFox.m"; sourceTree = "<group>"; };
		8A50844E1B7CAF7B00A6CF52 /* NSURL+MobFox.h */ = {isa = PBXFileReference; fileEncoding = 4; lastKnownFileType = sourcecode.c.h; path = "NSURL+MobFox.h"; sourceTree = "<group>"; };
		8A50844F1B7CAF7B00A6CF52 /* NSURL+MobFox.m */ = {isa = PBXFileReference; fileEncoding = 4; lastKnownFileType = sourcecode.c.objc; path = "NSURL+MobFox.m"; sourceTree = "<group>"; };
		8A5084501B7CAF7B00A6CF52 /* UIButton+MobFox.h */ = {isa = PBXFileReference; fileEncoding = 4; lastKnownFileType = sourcecode.c.h; path = "UIButton+MobFox.h"; sourceTree = "<group>"; };
		8A5084511B7CAF7B00A6CF52 /* UIButton+MobFox.m */ = {isa = PBXFileReference; fileEncoding = 4; lastKnownFileType = sourcecode.c.objc; path = "UIButton+MobFox.m"; sourceTree = "<group>"; };
		8A5084521B7CAF7B00A6CF52 /* UIDevice+MFIdentifierAddition.h */ = {isa = PBXFileReference; fileEncoding = 4; lastKnownFileType = sourcecode.c.h; path = "UIDevice+MFIdentifierAddition.h"; sourceTree = "<group>"; };
		8A5084531B7CAF7B00A6CF52 /* UIDevice+MFIdentifierAddition.m */ = {isa = PBXFileReference; fileEncoding = 4; lastKnownFileType = sourcecode.c.objc; path = "UIDevice+MFIdentifierAddition.m"; sourceTree = "<group>"; };
		8A5084541B7CAF7B00A6CF52 /* UIImage+MobFox.h */ = {isa = PBXFileReference; fileEncoding = 4; lastKnownFileType = sourcecode.c.h; path = "UIImage+MobFox.h"; sourceTree = "<group>"; };
		8A5084551B7CAF7B00A6CF52 /* UIImage+MobFox.m */ = {isa = PBXFileReference; fileEncoding = 4; lastKnownFileType = sourcecode.c.objc; path = "UIImage+MobFox.m"; sourceTree = "<group>"; };
		8A5084561B7CAF7B00A6CF52 /* UIView+FindViewController.h */ = {isa = PBXFileReference; fileEncoding = 4; lastKnownFileType = sourcecode.c.h; path = "UIView+FindViewController.h"; sourceTree = "<group>"; };
		8A5084571B7CAF7B00A6CF52 /* UIView+FindViewController.m */ = {isa = PBXFileReference; fileEncoding = 4; lastKnownFileType = sourcecode.c.objc; path = "UIView+FindViewController.m"; sourceTree = "<group>"; };
		8A5084781B7CAF9300A6CF52 /* MFCustomEventBanner.h */ = {isa = PBXFileReference; fileEncoding = 4; lastKnownFileType = sourcecode.c.h; path = MFCustomEventBanner.h; sourceTree = "<group>"; };
		8A5084791B7CAF9300A6CF52 /* MFCustomEventBanner.m */ = {isa = PBXFileReference; fileEncoding = 4; lastKnownFileType = sourcecode.c.objc; path = MFCustomEventBanner.m; sourceTree = "<group>"; };
		8A50847A1B7CAF9300A6CF52 /* MFCustomEventBannerDelegate.h */ = {isa = PBXFileReference; fileEncoding = 4; lastKnownFileType = sourcecode.c.h; path = MFCustomEventBannerDelegate.h; sourceTree = "<group>"; };
		8A50847B1B7CAF9300A6CF52 /* MFCustomEventFullscreen.h */ = {isa = PBXFileReference; fileEncoding = 4; lastKnownFileType = sourcecode.c.h; path = MFCustomEventFullscreen.h; sourceTree = "<group>"; };
		8A50847C1B7CAF9300A6CF52 /* MFCustomEventFullscreen.m */ = {isa = PBXFileReference; fileEncoding = 4; lastKnownFileType = sourcecode.c.objc; path = MFCustomEventFullscreen.m; sourceTree = "<group>"; };
		8A50847D1B7CAF9300A6CF52 /* MFCustomEventFullscreenDelegate.h */ = {isa = PBXFileReference; fileEncoding = 4; lastKnownFileType = sourcecode.c.h; path = MFCustomEventFullscreenDelegate.h; sourceTree = "<group>"; };
		8A5084B51B7CB44600A6CF52 /* SeedsSDK.h */ = {isa = PBXFileReference; lastKnownFileType = sourcecode.c.h; path = SeedsSDK.h; sourceTree = "<group>"; };
		8A7D3B381B7E07B300440CC8 /* SeedsInAppMessageDelegate.h */ = {isa = PBXFileReference; fileEncoding = 4; lastKnownFileType = sourcecode.c.h; path = SeedsInAppMessageDelegate.h; sourceTree = "<group>"; };
/* End PBXFileReference section */

/* Begin PBXFrameworksBuildPhase section */
		8A5083971B7CADAB00A6CF52 /* Frameworks */ = {
			isa = PBXFrameworksBuildPhase;
			buildActionMask = 2147483647;
			files = (
			);
			runOnlyForDeploymentPostprocessing = 0;
		};
		8A5083D41B7CAE0700A6CF52 /* Frameworks */ = {
			isa = PBXFrameworksBuildPhase;
			buildActionMask = 2147483647;
			files = (
				8A5084B31B7CB3D300A6CF52 /* SeedsSDK.framework in Frameworks */,
			);
			runOnlyForDeploymentPostprocessing = 0;
		};
/* End PBXFrameworksBuildPhase section */

/* Begin PBXGroup section */
		8A50838F1B7CAD6100A6CF52 = {
			isa = PBXGroup;
			children = (
				8A5084B51B7CB44600A6CF52 /* SeedsSDK.h */,
				8A5084241B7CAE4E00A6CF52 /* SDK */,
				8A5083D81B7CAE0700A6CF52 /* Demo */,
				8A50839C1B7CADAB00A6CF52 /* Products */,
			);
			sourceTree = "<group>";
		};
		8A50839C1B7CADAB00A6CF52 /* Products */ = {
			isa = PBXGroup;
			children = (
				8A50839B1B7CADAB00A6CF52 /* SeedsSDK.framework */,
				8A5083D71B7CAE0700A6CF52 /* SeedsDemo.app */,
			);
			name = Products;
			sourceTree = "<group>";
		};
		8A5083D81B7CAE0700A6CF52 /* Demo */ = {
			isa = PBXGroup;
			children = (
				8A5083DD1B7CAE0700A6CF52 /* AppDelegate.h */,
				8A5083DE1B7CAE0700A6CF52 /* AppDelegate.m */,
				8A5083E01B7CAE0700A6CF52 /* ViewController.h */,
				8A5083E11B7CAE0700A6CF52 /* ViewController.m */,
				8A5083E31B7CAE0700A6CF52 /* Main.storyboard */,
				8A5083E61B7CAE0700A6CF52 /* Images.xcassets */,
				8A5083E81B7CAE0700A6CF52 /* LaunchScreen.xib */,
				8A5083D91B7CAE0700A6CF52 /* Supporting Files */,
			);
			path = Demo;
			sourceTree = "<group>";
		};
		8A5083D91B7CAE0700A6CF52 /* Supporting Files */ = {
			isa = PBXGroup;
			children = (
				8A5083DA1B7CAE0700A6CF52 /* Info.plist */,
				8A5083DB1B7CAE0700A6CF52 /* main.m */,
			);
			name = "Supporting Files";
			sourceTree = "<group>";
		};
		8A5084241B7CAE4E00A6CF52 /* SDK */ = {
			isa = PBXGroup;
			children = (
				8A5084341B7CAF2D00A6CF52 /* InAppMessaging */,
				8A5084251B7CAF2300A6CF52 /* Seeds_OpenUDID.h */,
				8A5084261B7CAF2300A6CF52 /* Seeds_OpenUDID.m */,
				8A5084271B7CAF2300A6CF52 /* Seeds.h */,
				8A5084281B7CAF2300A6CF52 /* Seeds.m */,
				8A5084291B7CAF2300A6CF52 /* Seeds.xcdatamodeld */,
				8A50842B1B7CAF2300A6CF52 /* SeedsDB.h */,
				8A50842C1B7CAF2300A6CF52 /* SeedsDB.m */,
				8A7D3B381B7E07B300440CC8 /* SeedsInAppMessageDelegate.h */,
				8A5084361B7CAF6500A6CF52 /* LICENSE */,
				8A50839F1B7CADAB00A6CF52 /* Info.plist */,
			);
			path = SDK;
			sourceTree = "<group>";
		};
		8A5084341B7CAF2D00A6CF52 /* InAppMessaging */ = {
			isa = PBXGroup;
			children = (
				8A5084351B7CAF3D00A6CF52 /* CustomEvents */,
				8A5084381B7CAF7B00A6CF52 /* LICENSE */,
				8A5084391B7CAF7B00A6CF52 /* MFRedirectChecker.h */,
				8A50843A1B7CAF7B00A6CF52 /* MFRedirectChecker.m */,
				8A50843B1B7CAF7B00A6CF52 /* MobFoxAdBrowserViewController.h */,
				8A50843C1B7CAF7B00A6CF52 /* MobFoxAdBrowserViewController.m */,
				8A50843F1B7CAF7B00A6CF52 /* MobFoxHTMLBannerView.h */,
				8A5084401B7CAF7B00A6CF52 /* MobFoxHTMLBannerView.m */,
				8A5084411B7CAF7B00A6CF52 /* MobFoxInterstitialPlayerViewController.h */,
				8A5084421B7CAF7B00A6CF52 /* MobFoxInterstitialPlayerViewController.m */,
				8A5084451B7CAF7B00A6CF52 /* MobFoxToolBar.h */,
				8A5084461B7CAF7B00A6CF52 /* MobFoxToolBar.m */,
				8A5084471B7CAF7B00A6CF52 /* MobFoxVideoInterstitialViewController.h */,
				8A5084481B7CAF7B00A6CF52 /* MobFoxVideoInterstitialViewController.m */,
				8A5084491B7CAF7B00A6CF52 /* NOTICE */,
				8A50844A1B7CAF7B00A6CF52 /* NSBundle+MobFox.h */,
				8A50844B1B7CAF7B00A6CF52 /* NSBundle+MobFox.m */,
				8A50844C1B7CAF7B00A6CF52 /* NSString+MobFox.h */,
				8A50844D1B7CAF7B00A6CF52 /* NSString+MobFox.m */,
				8A50844E1B7CAF7B00A6CF52 /* NSURL+MobFox.h */,
				8A50844F1B7CAF7B00A6CF52 /* NSURL+MobFox.m */,
				8A5084501B7CAF7B00A6CF52 /* UIButton+MobFox.h */,
				8A5084511B7CAF7B00A6CF52 /* UIButton+MobFox.m */,
				8A5084521B7CAF7B00A6CF52 /* UIDevice+MFIdentifierAddition.h */,
				8A5084531B7CAF7B00A6CF52 /* UIDevice+MFIdentifierAddition.m */,
				8A5084541B7CAF7B00A6CF52 /* UIImage+MobFox.h */,
				8A5084551B7CAF7B00A6CF52 /* UIImage+MobFox.m */,
				8A5084561B7CAF7B00A6CF52 /* UIView+FindViewController.h */,
				8A5084571B7CAF7B00A6CF52 /* UIView+FindViewController.m */,
			);
			path = InAppMessaging;
			sourceTree = "<group>";
		};
		8A5084351B7CAF3D00A6CF52 /* CustomEvents */ = {
			isa = PBXGroup;
			children = (
				8A5084781B7CAF9300A6CF52 /* MFCustomEventBanner.h */,
				8A5084791B7CAF9300A6CF52 /* MFCustomEventBanner.m */,
				8A50847A1B7CAF9300A6CF52 /* MFCustomEventBannerDelegate.h */,
				8A50847B1B7CAF9300A6CF52 /* MFCustomEventFullscreen.h */,
				8A50847C1B7CAF9300A6CF52 /* MFCustomEventFullscreen.m */,
				8A50847D1B7CAF9300A6CF52 /* MFCustomEventFullscreenDelegate.h */,
			);
			path = CustomEvents;
			sourceTree = "<group>";
		};
/* End PBXGroup section */

/* Begin PBXHeadersBuildPhase section */
		8A5083981B7CADAB00A6CF52 /* Headers */ = {
			isa = PBXHeadersBuildPhase;
			buildActionMask = 2147483647;
			files = (
				8A5084761B7CAF7B00A6CF52 /* UIView+FindViewController.h in Headers */,
				8A7D3B391B7E07B300440CC8 /* SeedsInAppMessageDelegate.h in Headers */,
				8A5084651B7CAF7B00A6CF52 /* MobFoxToolBar.h in Headers */,
				8A50846A1B7CAF7B00A6CF52 /* NSBundle+MobFox.h in Headers */,
				8A5084831B7CAF9300A6CF52 /* MFCustomEventFullscreenDelegate.h in Headers */,
				8A50845B1B7CAF7B00A6CF52 /* MobFoxAdBrowserViewController.h in Headers */,
				8A50847E1B7CAF9300A6CF52 /* MFCustomEventBanner.h in Headers */,
				8A5084321B7CAF2300A6CF52 /* SeedsDB.h in Headers */,
				8A5084611B7CAF7B00A6CF52 /* MobFoxInterstitialPlayerViewController.h in Headers */,
				8A5084701B7CAF7B00A6CF52 /* UIButton+MobFox.h in Headers */,
				8A50846C1B7CAF7B00A6CF52 /* NSString+MobFox.h in Headers */,
				8A50842F1B7CAF2300A6CF52 /* Seeds.h in Headers */,
				8A50845F1B7CAF7B00A6CF52 /* MobFoxHTMLBannerView.h in Headers */,
				8A5084591B7CAF7B00A6CF52 /* MFRedirectChecker.h in Headers */,
				8A5084B81B7CB88800A6CF52 /* SeedsSDK.h in Headers */,
				8A50846E1B7CAF7B00A6CF52 /* NSURL+MobFox.h in Headers */,
				8A5084671B7CAF7B00A6CF52 /* MobFoxVideoInterstitialViewController.h in Headers */,
				8A5084741B7CAF7B00A6CF52 /* UIImage+MobFox.h in Headers */,
				8A5084721B7CAF7B00A6CF52 /* UIDevice+MFIdentifierAddition.h in Headers */,
				8A50842D1B7CAF2300A6CF52 /* Seeds_OpenUDID.h in Headers */,
				8A5084811B7CAF9300A6CF52 /* MFCustomEventFullscreen.h in Headers */,
				8A5084801B7CAF9300A6CF52 /* MFCustomEventBannerDelegate.h in Headers */,
			);
			runOnlyForDeploymentPostprocessing = 0;
		};
/* End PBXHeadersBuildPhase section */

/* Begin PBXNativeTarget section */
		8A50839A1B7CADAB00A6CF52 /* SeedsSDK */ = {
			isa = PBXNativeTarget;
			buildConfigurationList = 8A5083B31B7CADAB00A6CF52 /* Build configuration list for PBXNativeTarget "SeedsSDK" */;
			buildPhases = (
				8A5083961B7CADAB00A6CF52 /* Sources */,
				8A5083971B7CADAB00A6CF52 /* Frameworks */,
				8A5083981B7CADAB00A6CF52 /* Headers */,
				8A5083991B7CADAB00A6CF52 /* Resources */,
			);
			buildRules = (
			);
			dependencies = (
			);
			name = SeedsSDK;
			productName = "iOS SDK";
			productReference = 8A50839B1B7CADAB00A6CF52 /* SeedsSDK.framework */;
			productType = "com.apple.product-type.framework";
		};
		8A5083D61B7CAE0700A6CF52 /* SeedsDemo */ = {
			isa = PBXNativeTarget;
			buildConfigurationList = 8A5083F71B7CAE0800A6CF52 /* Build configuration list for PBXNativeTarget "SeedsDemo" */;
			buildPhases = (
				8A5083D31B7CAE0700A6CF52 /* Sources */,
				8A5083D41B7CAE0700A6CF52 /* Frameworks */,
				8A5083D51B7CAE0700A6CF52 /* Resources */,
			);
			buildRules = (
			);
			dependencies = (
			);
			name = SeedsDemo;
			productName = SeedsDemo;
			productReference = 8A5083D71B7CAE0700A6CF52 /* SeedsDemo.app */;
			productType = "com.apple.product-type.application";
		};
/* End PBXNativeTarget section */

/* Begin PBXProject section */
		8A5083901B7CAD6100A6CF52 /* Project object */ = {
			isa = PBXProject;
			attributes = {
				LastUpgradeCheck = 0640;
				TargetAttributes = {
					8A50839A1B7CADAB00A6CF52 = {
						CreatedOnToolsVersion = 6.4;
					};
					8A5083D61B7CAE0700A6CF52 = {
						CreatedOnToolsVersion = 6.4;
					};
				};
			};
			buildConfigurationList = 8A5083931B7CAD6100A6CF52 /* Build configuration list for PBXProject "Seeds" */;
			compatibilityVersion = "Xcode 3.2";
			developmentRegion = English;
			hasScannedForEncodings = 0;
			knownRegions = (
				en,
				Base,
			);
			mainGroup = 8A50838F1B7CAD6100A6CF52;
			productRefGroup = 8A50839C1B7CADAB00A6CF52 /* Products */;
			projectDirPath = "";
			projectRoot = "";
			targets = (
				8A50839A1B7CADAB00A6CF52 /* SeedsSDK */,
				8A5083D61B7CAE0700A6CF52 /* SeedsDemo */,
			);
		};
/* End PBXProject section */

/* Begin PBXResourcesBuildPhase section */
		8A5083991B7CADAB00A6CF52 /* Resources */ = {
			isa = PBXResourcesBuildPhase;
			buildActionMask = 2147483647;
			files = (
			);
			runOnlyForDeploymentPostprocessing = 0;
		};
		8A5083D51B7CAE0700A6CF52 /* Resources */ = {
			isa = PBXResourcesBuildPhase;
			buildActionMask = 2147483647;
			files = (
				8A5083E51B7CAE0700A6CF52 /* Main.storyboard in Resources */,
				8A5083EA1B7CAE0700A6CF52 /* LaunchScreen.xib in Resources */,
				8A5083E71B7CAE0700A6CF52 /* Images.xcassets in Resources */,
			);
			runOnlyForDeploymentPostprocessing = 0;
		};
/* End PBXResourcesBuildPhase section */

/* Begin PBXSourcesBuildPhase section */
		8A5083961B7CADAB00A6CF52 /* Sources */ = {
			isa = PBXSourcesBuildPhase;
			buildActionMask = 2147483647;
			files = (
				8A5084771B7CAF7B00A6CF52 /* UIView+FindViewController.m in Sources */,
				8A5084661B7CAF7B00A6CF52 /* MobFoxToolBar.m in Sources */,
				8A5084311B7CAF2300A6CF52 /* Seeds.xcdatamodeld in Sources */,
				8A5084301B7CAF2300A6CF52 /* Seeds.m in Sources */,
				8A50846D1B7CAF7B00A6CF52 /* NSString+MobFox.m in Sources */,
				8A5084621B7CAF7B00A6CF52 /* MobFoxInterstitialPlayerViewController.m in Sources */,
				8A5084601B7CAF7B00A6CF52 /* MobFoxHTMLBannerView.m in Sources */,
				8A50846F1B7CAF7B00A6CF52 /* NSURL+MobFox.m in Sources */,
				8A5084331B7CAF2300A6CF52 /* SeedsDB.m in Sources */,
				8A50847F1B7CAF9300A6CF52 /* MFCustomEventBanner.m in Sources */,
				8A5084681B7CAF7B00A6CF52 /* MobFoxVideoInterstitialViewController.m in Sources */,
				8A5084751B7CAF7B00A6CF52 /* UIImage+MobFox.m in Sources */,
				8A50845C1B7CAF7B00A6CF52 /* MobFoxAdBrowserViewController.m in Sources */,
				8A5084711B7CAF7B00A6CF52 /* UIButton+MobFox.m in Sources */,
				8A50846B1B7CAF7B00A6CF52 /* NSBundle+MobFox.m in Sources */,
				8A5084731B7CAF7B00A6CF52 /* UIDevice+MFIdentifierAddition.m in Sources */,
				8A50845A1B7CAF7B00A6CF52 /* MFRedirectChecker.m in Sources */,
				8A5084821B7CAF9300A6CF52 /* MFCustomEventFullscreen.m in Sources */,
				8A50842E1B7CAF2300A6CF52 /* Seeds_OpenUDID.m in Sources */,
			);
			runOnlyForDeploymentPostprocessing = 0;
		};
		8A5083D31B7CAE0700A6CF52 /* Sources */ = {
			isa = PBXSourcesBuildPhase;
			buildActionMask = 2147483647;
			files = (
				8A5083E21B7CAE0700A6CF52 /* ViewController.m in Sources */,
				8A5083DF1B7CAE0700A6CF52 /* AppDelegate.m in Sources */,
				8A5083DC1B7CAE0700A6CF52 /* main.m in Sources */,
			);
			runOnlyForDeploymentPostprocessing = 0;
		};
/* End PBXSourcesBuildPhase section */

/* Begin PBXVariantGroup section */
		8A5083E31B7CAE0700A6CF52 /* Main.storyboard */ = {
			isa = PBXVariantGroup;
			children = (
				8A5083E41B7CAE0700A6CF52 /* Base */,
			);
			name = Main.storyboard;
			sourceTree = "<group>";
		};
		8A5083E81B7CAE0700A6CF52 /* LaunchScreen.xib */ = {
			isa = PBXVariantGroup;
			children = (
				8A5083E91B7CAE0700A6CF52 /* Base */,
			);
			name = LaunchScreen.xib;
			sourceTree = "<group>";
		};
/* End PBXVariantGroup section */

/* Begin XCBuildConfiguration section */
		8A5083941B7CAD6100A6CF52 /* Debug */ = {
			isa = XCBuildConfiguration;
			buildSettings = {
			};
			name = Debug;
		};
		8A5083951B7CAD6100A6CF52 /* Release */ = {
			isa = XCBuildConfiguration;
			buildSettings = {
			};
			name = Release;
		};
		8A5083AF1B7CADAB00A6CF52 /* Debug */ = {
			isa = XCBuildConfiguration;
			buildSettings = {
				ALWAYS_SEARCH_USER_PATHS = NO;
				CLANG_CXX_LANGUAGE_STANDARD = "gnu++0x";
				CLANG_CXX_LIBRARY = "libc++";
				CLANG_ENABLE_MODULES = YES;
				CLANG_ENABLE_OBJC_ARC = YES;
				CLANG_WARN_BOOL_CONVERSION = YES;
				CLANG_WARN_CONSTANT_CONVERSION = YES;
				CLANG_WARN_DIRECT_OBJC_ISA_USAGE = YES_ERROR;
				CLANG_WARN_EMPTY_BODY = YES;
				CLANG_WARN_ENUM_CONVERSION = YES;
				CLANG_WARN_INT_CONVERSION = YES;
				CLANG_WARN_OBJC_ROOT_CLASS = YES_ERROR;
				CLANG_WARN_UNREACHABLE_CODE = YES;
				CLANG_WARN__DUPLICATE_METHOD_MATCH = YES;
				"CODE_SIGN_IDENTITY[sdk=iphoneos*]" = "iPhone Developer";
				COPY_PHASE_STRIP = NO;
				CURRENT_PROJECT_VERSION = 1;
				DEBUG_INFORMATION_FORMAT = "dwarf-with-dsym";
				DEFINES_MODULE = YES;
				DYLIB_COMPATIBILITY_VERSION = 1;
				DYLIB_CURRENT_VERSION = 1;
				DYLIB_INSTALL_NAME_BASE = "@rpath";
				ENABLE_STRICT_OBJC_MSGSEND = YES;
				GCC_C_LANGUAGE_STANDARD = gnu99;
				GCC_DYNAMIC_NO_PIC = NO;
				GCC_NO_COMMON_BLOCKS = YES;
				GCC_OPTIMIZATION_LEVEL = 0;
				GCC_PREPROCESSOR_DEFINITIONS = (
					"DEBUG=1",
					"$(inherited)",
				);
				GCC_SYMBOLS_PRIVATE_EXTERN = NO;
				GCC_WARN_64_TO_32_BIT_CONVERSION = YES;
				GCC_WARN_ABOUT_RETURN_TYPE = YES_ERROR;
				GCC_WARN_UNDECLARED_SELECTOR = YES;
				GCC_WARN_UNINITIALIZED_AUTOS = YES_AGGRESSIVE;
				GCC_WARN_UNUSED_FUNCTION = YES;
				GCC_WARN_UNUSED_VARIABLE = YES;
				INFOPLIST_FILE = "$(SRCROOT)/SDK/Info.plist";
				INSTALL_PATH = "$(LOCAL_LIBRARY_DIR)/Frameworks";
				IPHONEOS_DEPLOYMENT_TARGET = 5.0;
				LD_RUNPATH_SEARCH_PATHS = "$(inherited) @executable_path/Frameworks @loader_path/Frameworks";
				MTL_ENABLE_DEBUG_INFO = YES;
				ONLY_ACTIVE_ARCH = YES;
				PRODUCT_NAME = "$(TARGET_NAME)";
				SDKROOT = iphoneos;
				SKIP_INSTALL = YES;
				TARGETED_DEVICE_FAMILY = "1,2";
				VERSIONING_SYSTEM = "apple-generic";
				VERSION_INFO_PREFIX = "";
			};
			name = Debug;
		};
		8A5083B01B7CADAB00A6CF52 /* Release */ = {
			isa = XCBuildConfiguration;
			buildSettings = {
				ALWAYS_SEARCH_USER_PATHS = NO;
				CLANG_CXX_LANGUAGE_STANDARD = "gnu++0x";
				CLANG_CXX_LIBRARY = "libc++";
				CLANG_ENABLE_MODULES = YES;
				CLANG_ENABLE_OBJC_ARC = YES;
				CLANG_WARN_BOOL_CONVERSION = YES;
				CLANG_WARN_CONSTANT_CONVERSION = YES;
				CLANG_WARN_DIRECT_OBJC_ISA_USAGE = YES_ERROR;
				CLANG_WARN_EMPTY_BODY = YES;
				CLANG_WARN_ENUM_CONVERSION = YES;
				CLANG_WARN_INT_CONVERSION = YES;
				CLANG_WARN_OBJC_ROOT_CLASS = YES_ERROR;
				CLANG_WARN_UNREACHABLE_CODE = YES;
				CLANG_WARN__DUPLICATE_METHOD_MATCH = YES;
				"CODE_SIGN_IDENTITY[sdk=iphoneos*]" = "iPhone Developer";
				COPY_PHASE_STRIP = NO;
				CURRENT_PROJECT_VERSION = 1;
				DEBUG_INFORMATION_FORMAT = "dwarf-with-dsym";
				DEFINES_MODULE = YES;
				DYLIB_COMPATIBILITY_VERSION = 1;
				DYLIB_CURRENT_VERSION = 1;
				DYLIB_INSTALL_NAME_BASE = "@rpath";
				ENABLE_NS_ASSERTIONS = NO;
				ENABLE_STRICT_OBJC_MSGSEND = YES;
				GCC_C_LANGUAGE_STANDARD = gnu99;
				GCC_NO_COMMON_BLOCKS = YES;
				GCC_WARN_64_TO_32_BIT_CONVERSION = YES;
				GCC_WARN_ABOUT_RETURN_TYPE = YES_ERROR;
				GCC_WARN_UNDECLARED_SELECTOR = YES;
				GCC_WARN_UNINITIALIZED_AUTOS = YES_AGGRESSIVE;
				GCC_WARN_UNUSED_FUNCTION = YES;
				GCC_WARN_UNUSED_VARIABLE = YES;
				INFOPLIST_FILE = "$(SRCROOT)/SDK/Info.plist";
				INSTALL_PATH = "$(LOCAL_LIBRARY_DIR)/Frameworks";
				IPHONEOS_DEPLOYMENT_TARGET = 5.0;
				LD_RUNPATH_SEARCH_PATHS = "$(inherited) @executable_path/Frameworks @loader_path/Frameworks";
				MTL_ENABLE_DEBUG_INFO = NO;
				PRODUCT_NAME = "$(TARGET_NAME)";
				SDKROOT = iphoneos;
				SKIP_INSTALL = YES;
				TARGETED_DEVICE_FAMILY = "1,2";
				VALIDATE_PRODUCT = YES;
				VERSIONING_SYSTEM = "apple-generic";
				VERSION_INFO_PREFIX = "";
			};
			name = Release;
		};
		8A5083F81B7CAE0800A6CF52 /* Debug */ = {
			isa = XCBuildConfiguration;
			buildSettings = {
				ALWAYS_SEARCH_USER_PATHS = NO;
				ASSETCATALOG_COMPILER_APPICON_NAME = AppIcon;
				CLANG_CXX_LANGUAGE_STANDARD = "gnu++0x";
				CLANG_CXX_LIBRARY = "libc++";
				CLANG_ENABLE_MODULES = YES;
				CLANG_ENABLE_OBJC_ARC = YES;
				CLANG_WARN_BOOL_CONVERSION = YES;
				CLANG_WARN_CONSTANT_CONVERSION = YES;
				CLANG_WARN_DIRECT_OBJC_ISA_USAGE = YES_ERROR;
				CLANG_WARN_EMPTY_BODY = YES;
				CLANG_WARN_ENUM_CONVERSION = YES;
				CLANG_WARN_INT_CONVERSION = YES;
				CLANG_WARN_OBJC_ROOT_CLASS = YES_ERROR;
				CLANG_WARN_UNREACHABLE_CODE = YES;
				CLANG_WARN__DUPLICATE_METHOD_MATCH = YES;
				"CODE_SIGN_IDENTITY[sdk=iphoneos*]" = "iPhone Developer";
				COPY_PHASE_STRIP = NO;
				DEBUG_INFORMATION_FORMAT = "dwarf-with-dsym";
				ENABLE_STRICT_OBJC_MSGSEND = YES;
				GCC_C_LANGUAGE_STANDARD = gnu99;
				GCC_DYNAMIC_NO_PIC = NO;
				GCC_NO_COMMON_BLOCKS = YES;
				GCC_OPTIMIZATION_LEVEL = 0;
				GCC_PREPROCESSOR_DEFINITIONS = (
					"DEBUG=1",
					"$(inherited)",
				);
				GCC_SYMBOLS_PRIVATE_EXTERN = NO;
				GCC_WARN_64_TO_32_BIT_CONVERSION = YES;
				GCC_WARN_ABOUT_RETURN_TYPE = YES_ERROR;
				GCC_WARN_UNDECLARED_SELECTOR = YES;
				GCC_WARN_UNINITIALIZED_AUTOS = YES_AGGRESSIVE;
				GCC_WARN_UNUSED_FUNCTION = YES;
				GCC_WARN_UNUSED_VARIABLE = YES;
				INFOPLIST_FILE = Demo/Info.plist;
				IPHONEOS_DEPLOYMENT_TARGET = 8.4;
				LD_RUNPATH_SEARCH_PATHS = "$(inherited) @executable_path/Frameworks";
				MTL_ENABLE_DEBUG_INFO = YES;
				ONLY_ACTIVE_ARCH = YES;
				PRODUCT_NAME = "$(TARGET_NAME)";
				SDKROOT = iphoneos;
				TARGETED_DEVICE_FAMILY = "1,2";
			};
			name = Debug;
		};
		8A5083F91B7CAE0800A6CF52 /* Release */ = {
			isa = XCBuildConfiguration;
			buildSettings = {
				ALWAYS_SEARCH_USER_PATHS = NO;
				ASSETCATALOG_COMPILER_APPICON_NAME = AppIcon;
				CLANG_CXX_LANGUAGE_STANDARD = "gnu++0x";
				CLANG_CXX_LIBRARY = "libc++";
				CLANG_ENABLE_MODULES = YES;
				CLANG_ENABLE_OBJC_ARC = YES;
				CLANG_WARN_BOOL_CONVERSION = YES;
				CLANG_WARN_CONSTANT_CONVERSION = YES;
				CLANG_WARN_DIRECT_OBJC_ISA_USAGE = YES_ERROR;
				CLANG_WARN_EMPTY_BODY = YES;
				CLANG_WARN_ENUM_CONVERSION = YES;
				CLANG_WARN_INT_CONVERSION = YES;
				CLANG_WARN_OBJC_ROOT_CLASS = YES_ERROR;
				CLANG_WARN_UNREACHABLE_CODE = YES;
				CLANG_WARN__DUPLICATE_METHOD_MATCH = YES;
				"CODE_SIGN_IDENTITY[sdk=iphoneos*]" = "iPhone Developer";
				COPY_PHASE_STRIP = NO;
				DEBUG_INFORMATION_FORMAT = "dwarf-with-dsym";
				ENABLE_NS_ASSERTIONS = NO;
				ENABLE_STRICT_OBJC_MSGSEND = YES;
				GCC_C_LANGUAGE_STANDARD = gnu99;
				GCC_NO_COMMON_BLOCKS = YES;
				GCC_WARN_64_TO_32_BIT_CONVERSION = YES;
				GCC_WARN_ABOUT_RETURN_TYPE = YES_ERROR;
				GCC_WARN_UNDECLARED_SELECTOR = YES;
				GCC_WARN_UNINITIALIZED_AUTOS = YES_AGGRESSIVE;
				GCC_WARN_UNUSED_FUNCTION = YES;
				GCC_WARN_UNUSED_VARIABLE = YES;
				INFOPLIST_FILE = Demo/Info.plist;
				IPHONEOS_DEPLOYMENT_TARGET = 8.4;
				LD_RUNPATH_SEARCH_PATHS = "$(inherited) @executable_path/Frameworks";
				MTL_ENABLE_DEBUG_INFO = NO;
				PRODUCT_NAME = "$(TARGET_NAME)";
				SDKROOT = iphoneos;
				TARGETED_DEVICE_FAMILY = "1,2";
				VALIDATE_PRODUCT = YES;
			};
			name = Release;
		};
/* End XCBuildConfiguration section */

/* Begin XCConfigurationList section */
		8A5083931B7CAD6100A6CF52 /* Build configuration list for PBXProject "Seeds" */ = {
			isa = XCConfigurationList;
			buildConfigurations = (
				8A5083941B7CAD6100A6CF52 /* Debug */,
				8A5083951B7CAD6100A6CF52 /* Release */,
			);
			defaultConfigurationIsVisible = 0;
			defaultConfigurationName = Release;
		};
		8A5083B31B7CADAB00A6CF52 /* Build configuration list for PBXNativeTarget "SeedsSDK" */ = {
			isa = XCConfigurationList;
			buildConfigurations = (
				8A5083AF1B7CADAB00A6CF52 /* Debug */,
				8A5083B01B7CADAB00A6CF52 /* Release */,
			);
			defaultConfigurationIsVisible = 0;
			defaultConfigurationName = Release;
		};
		8A5083F71B7CAE0800A6CF52 /* Build configuration list for PBXNativeTarget "SeedsDemo" */ = {
			isa = XCConfigurationList;
			buildConfigurations = (
				8A5083F81B7CAE0800A6CF52 /* Debug */,
				8A5083F91B7CAE0800A6CF52 /* Release */,
			);
			defaultConfigurationIsVisible = 0;
			defaultConfigurationName = Release;
		};
/* End XCConfigurationList section */

/* Begin XCVersionGroup section */
		8A5084291B7CAF2300A6CF52 /* Seeds.xcdatamodeld */ = {
			isa = XCVersionGroup;
			children = (
				8A50842A1B7CAF2300A6CF52 /* Seeds.xcdatamodel */,
			);
			currentVersion = 8A50842A1B7CAF2300A6CF52 /* Seeds.xcdatamodel */;
			path = Seeds.xcdatamodeld;
			sourceTree = "<group>";
			versionGroupType = wrapper.xcdatamodel;
		};
/* End XCVersionGroup section */
	};
	rootObject = 8A5083901B7CAD6100A6CF52 /* Project object */;
}
